// !$*UTF8*$!
{
	archiveVersion = 1;
	classes = {
	};
	objectVersion = 50;
	objects = {

/* Begin PBXBuildFile section */
		361B59F526A6547200DB5543 /* FlowerClassifier.mlmodel in Sources */ = {isa = PBXBuildFile; fileRef = 361B59F426A6547200DB5543 /* FlowerClassifier.mlmodel */; };
		36CCB5E9269FC45200D0AC79 /* AppDelegate.swift in Sources */ = {isa = PBXBuildFile; fileRef = 36CCB5E8269FC45200D0AC79 /* AppDelegate.swift */; };
		36CCB5EB269FC45200D0AC79 /* SceneDelegate.swift in Sources */ = {isa = PBXBuildFile; fileRef = 36CCB5EA269FC45200D0AC79 /* SceneDelegate.swift */; };
		36CCB5ED269FC45200D0AC79 /* ViewController.swift in Sources */ = {isa = PBXBuildFile; fileRef = 36CCB5EC269FC45200D0AC79 /* ViewController.swift */; };
		36CCB5F0269FC45200D0AC79 /* Main.storyboard in Resources */ = {isa = PBXBuildFile; fileRef = 36CCB5EE269FC45200D0AC79 /* Main.storyboard */; };
		36CCB5F2269FC45300D0AC79 /* Assets.xcassets in Resources */ = {isa = PBXBuildFile; fileRef = 36CCB5F1269FC45300D0AC79 /* Assets.xcassets */; };
		36CCB5F5269FC45300D0AC79 /* LaunchScreen.storyboard in Resources */ = {isa = PBXBuildFile; fileRef = 36CCB5F3269FC45300D0AC79 /* LaunchScreen.storyboard */; };
/* End PBXBuildFile section */

/* Begin PBXFileReference section */
		361B59F426A6547200DB5543 /* FlowerClassifier.mlmodel */ = {isa = PBXFileReference; lastKnownFileType = file.mlmodel; path = FlowerClassifier.mlmodel; sourceTree = "<group>"; };
		36CCB5E5269FC45200D0AC79 /* what flower.app */ = {isa = PBXFileReference; explicitFileType = wrapper.application; includeInIndex = 0; path = "what flower.app"; sourceTree = BUILT_PRODUCTS_DIR; };
		36CCB5E8269FC45200D0AC79 /* AppDelegate.swift */ = {isa = PBXFileReference; lastKnownFileType = sourcecode.swift; path = AppDelegate.swift; sourceTree = "<group>"; };
		36CCB5EA269FC45200D0AC79 /* SceneDelegate.swift */ = {isa = PBXFileReference; lastKnownFileType = sourcecode.swift; path = SceneDelegate.swift; sourceTree = "<group>"; };
		36CCB5EC269FC45200D0AC79 /* ViewController.swift */ = {isa = PBXFileReference; lastKnownFileType = sourcecode.swift; path = ViewController.swift; sourceTree = "<group>"; };
		36CCB5EF269FC45200D0AC79 /* Base */ = {isa = PBXFileReference; lastKnownFileType = file.storyboard; name = Base; path = Base.lproj/Main.storyboard; sourceTree = "<group>"; };
		36CCB5F1269FC45300D0AC79 /* Assets.xcassets */ = {isa = PBXFileReference; lastKnownFileType = folder.assetcatalog; path = Assets.xcassets; sourceTree = "<group>"; };
		36CCB5F4269FC45300D0AC79 /* Base */ = {isa = PBXFileReference; lastKnownFileType = file.storyboard; name = Base; path = Base.lproj/LaunchScreen.storyboard; sourceTree = "<group>"; };
		36CCB5F6269FC45300D0AC79 /* Info.plist */ = {isa = PBXFileReference; lastKnownFileType = text.plist.xml; path = Info.plist; sourceTree = "<group>"; };
/* End PBXFileReference section */

/* Begin PBXFrameworksBuildPhase section */
		36CCB5E2269FC45200D0AC79 /* Frameworks */ = {
			isa = PBXFrameworksBuildPhase;
			buildActionMask = 2147483647;
			files = (
			);
			runOnlyForDeploymentPostprocessing = 0;
		};
/* End PBXFrameworksBuildPhase section */

/* Begin PBXGroup section */
		361B59F626A655B800DB5543 /* model */ = {
			isa = PBXGroup;
			children = (
				361B59F426A6547200DB5543 /* FlowerClassifier.mlmodel */,
			);
			path = model;
			sourceTree = "<group>";
		};
		361B59F726A655C400DB5543 /* view */ = {
			isa = PBXGroup;
			children = (
				36CCB5EE269FC45200D0AC79 /* Main.storyboard */,
			);
			path = view;
			sourceTree = "<group>";
		};
		361B59F826A655CA00DB5543 /* controller */ = {
			isa = PBXGroup;
			children = (
				36CCB5EC269FC45200D0AC79 /* ViewController.swift */,
			);
			path = controller;
			sourceTree = "<group>";
		};
		361B59F926A655FC00DB5543 /* config */ = {
			isa = PBXGroup;
			children = (
				36CCB5E8269FC45200D0AC79 /* AppDelegate.swift */,
				36CCB5EA269FC45200D0AC79 /* SceneDelegate.swift */,
				36CCB5F1269FC45300D0AC79 /* Assets.xcassets */,
				36CCB5F3269FC45300D0AC79 /* LaunchScreen.storyboard */,
			);
			path = config;
			sourceTree = "<group>";
		};
		36CCB5DC269FC45200D0AC79 = {
			isa = PBXGroup;
			children = (
				36CCB5E7269FC45200D0AC79 /* what flower */,
				36CCB5E6269FC45200D0AC79 /* Products */,
			);
			sourceTree = "<group>";
		};
		36CCB5E6269FC45200D0AC79 /* Products */ = {
			isa = PBXGroup;
			children = (
				36CCB5E5269FC45200D0AC79 /* what flower.app */,
			);
			name = Products;
			sourceTree = "<group>";
		};
		36CCB5E7269FC45200D0AC79 /* what flower */ = {
			isa = PBXGroup;
			children = (
				36CCB5F6269FC45300D0AC79 /* Info.plist */,
				361B59F926A655FC00DB5543 /* config */,
				361B59F626A655B800DB5543 /* model */,
				361B59F726A655C400DB5543 /* view */,
				361B59F826A655CA00DB5543 /* controller */,
			);
			path = "what flower";
			sourceTree = "<group>";
		};
/* End PBXGroup section */

/* Begin PBXNativeTarget section */
		36CCB5E4269FC45200D0AC79 /* what flower */ = {
			isa = PBXNativeTarget;
			buildConfigurationList = 36CCB5F9269FC45300D0AC79 /* Build configuration list for PBXNativeTarget "what flower" */;
			buildPhases = (
				36CCB5E1269FC45200D0AC79 /* Sources */,
				36CCB5E2269FC45200D0AC79 /* Frameworks */,
				36CCB5E3269FC45200D0AC79 /* Resources */,
			);
			buildRules = (
			);
			dependencies = (
			);
			name = "what flower";
			productName = "what flower";
			productReference = 36CCB5E5269FC45200D0AC79 /* what flower.app */;
			productType = "com.apple.product-type.application";
		};
/* End PBXNativeTarget section */

/* Begin PBXProject section */
		36CCB5DD269FC45200D0AC79 /* Project object */ = {
			isa = PBXProject;
			attributes = {
				LastSwiftUpdateCheck = 1250;
				LastUpgradeCheck = 1250;
				TargetAttributes = {
					36CCB5E4269FC45200D0AC79 = {
						CreatedOnToolsVersion = 12.5.1;
					};
				};
			};
			buildConfigurationList = 36CCB5E0269FC45200D0AC79 /* Build configuration list for PBXProject "what flower" */;
			compatibilityVersion = "Xcode 9.3";
			developmentRegion = en;
			hasScannedForEncodings = 0;
			knownRegions = (
				en,
				Base,
			);
			mainGroup = 36CCB5DC269FC45200D0AC79;
			productRefGroup = 36CCB5E6269FC45200D0AC79 /* Products */;
			projectDirPath = "";
			projectRoot = "";
			targets = (
				36CCB5E4269FC45200D0AC79 /* what flower */,
			);
		};
/* End PBXProject section */

/* Begin PBXResourcesBuildPhase section */
		36CCB5E3269FC45200D0AC79 /* Resources */ = {
			isa = PBXResourcesBuildPhase;
			buildActionMask = 2147483647;
			files = (
				36CCB5F5269FC45300D0AC79 /* LaunchScreen.storyboard in Resources */,
				36CCB5F2269FC45300D0AC79 /* Assets.xcassets in Resources */,
				36CCB5F0269FC45200D0AC79 /* Main.storyboard in Resources */,
			);
			runOnlyForDeploymentPostprocessing = 0;
		};
/* End PBXResourcesBuildPhase section */

/* Begin PBXSourcesBuildPhase section */
		36CCB5E1269FC45200D0AC79 /* Sources */ = {
			isa = PBXSourcesBuildPhase;
			buildActionMask = 2147483647;
			files = (
				36CCB5ED269FC45200D0AC79 /* ViewController.swift in Sources */,
				36CCB5E9269FC45200D0AC79 /* AppDelegate.swift in Sources */,
				361B59F526A6547200DB5543 /* FlowerClassifier.mlmodel in Sources */,
				36CCB5EB269FC45200D0AC79 /* SceneDelegate.swift in Sources */,
			);
			runOnlyForDeploymentPostprocessing = 0;
		};
/* End PBXSourcesBuildPhase section */

/* Begin PBXVariantGroup section */
		36CCB5EE269FC45200D0AC79 /* Main.storyboard */ = {
			isa = PBXVariantGroup;
			children = (
				36CCB5EF269FC45200D0AC79 /* Base */,
			);
			name = Main.storyboard;
			sourceTree = "<group>";
		};
		36CCB5F3269FC45300D0AC79 /* LaunchScreen.storyboard */ = {
			isa = PBXVariantGroup;
			children = (
				36CCB5F4269FC45300D0AC79 /* Base */,
			);
			name = LaunchScreen.storyboard;
			sourceTree = "<group>";
		};
/* End PBXVariantGroup section */

/* Begin XCBuildConfiguration section */
		36CCB5F7269FC45300D0AC79 /* Debug */ = {
			isa = XCBuildConfiguration;
			buildSettings = {
				ALWAYS_SEARCH_USER_PATHS = NO;
				CLANG_ANALYZER_NONNULL = YES;
				CLANG_ANALYZER_NUMBER_OBJECT_CONVERSION = YES_AGGRESSIVE;
				CLANG_CXX_LANGUAGE_STANDARD = "gnu++14";
				CLANG_CXX_LIBRARY = "libc++";
				CLANG_ENABLE_MODULES = YES;
				CLANG_ENABLE_OBJC_ARC = YES;
				CLANG_ENABLE_OBJC_WEAK = YES;
				CLANG_WARN_BLOCK_CAPTURE_AUTORELEASING = YES;
				CLANG_WARN_BOOL_CONVERSION = YES;
				CLANG_WARN_COMMA = YES;
				CLANG_WARN_CONSTANT_CONVERSION = YES;
				CLANG_WARN_DEPRECATED_OBJC_IMPLEMENTATIONS = YES;
				CLANG_WARN_DIRECT_OBJC_ISA_USAGE = YES_ERROR;
				CLANG_WARN_DOCUMENTATION_COMMENTS = YES;
				CLANG_WARN_EMPTY_BODY = YES;
				CLANG_WARN_ENUM_CONVERSION = YES;
				CLANG_WARN_INFINITE_RECURSION = YES;
				CLANG_WARN_INT_CONVERSION = YES;
				CLANG_WARN_NON_LITERAL_NULL_CONVERSION = YES;
				CLANG_WARN_OBJC_IMPLICIT_RETAIN_SELF = YES;
				CLANG_WARN_OBJC_LITERAL_CONVERSION = YES;
				CLANG_WARN_OBJC_ROOT_CLASS = YES_ERROR;
				CLANG_WARN_QUOTED_INCLUDE_IN_FRAMEWORK_HEADER = YES;
				CLANG_WARN_RANGE_LOOP_ANALYSIS = YES;
				CLANG_WARN_STRICT_PROTOTYPES = YES;
				CLANG_WARN_SUSPICIOUS_MOVE = YES;
				CLANG_WARN_UNGUARDED_AVAILABILITY = YES_AGGRESSIVE;
				CLANG_WARN_UNREACHABLE_CODE = YES;
				CLANG_WARN__DUPLICATE_METHOD_MATCH = YES;
				COPY_PHASE_STRIP = NO;
				DEBUG_INFORMATION_FORMAT = dwarf;
				ENABLE_STRICT_OBJC_MSGSEND = YES;
				ENABLE_TESTABILITY = YES;
				GCC_C_LANGUAGE_STANDARD = gnu11;
				GCC_DYNAMIC_NO_PIC = NO;
				GCC_NO_COMMON_BLOCKS = YES;
				GCC_OPTIMIZATION_LEVEL = 0;
				GCC_PREPROCESSOR_DEFINITIONS = (
					"DEBUG=1",
					"$(inherited)",
				);
				GCC_WARN_64_TO_32_BIT_CONVERSION = YES;
				GCC_WARN_ABOUT_RETURN_TYPE = YES_ERROR;
				GCC_WARN_UNDECLARED_SELECTOR = YES;
				GCC_WARN_UNINITIALIZED_AUTOS = YES_AGGRESSIVE;
				GCC_WARN_UNUSED_FUNCTION = YES;
				GCC_WARN_UNUSED_VARIABLE = YES;
				IPHONEOS_DEPLOYMENT_TARGET = 14.5;
				MTL_ENABLE_DEBUG_INFO = INCLUDE_SOURCE;
				MTL_FAST_MATH = YES;
				ONLY_ACTIVE_ARCH = YES;
				SDKROOT = iphoneos;
				SWIFT_ACTIVE_COMPILATION_CONDITIONS = DEBUG;
				SWIFT_OPTIMIZATION_LEVEL = "-Onone";
			};
			name = Debug;
		};
		36CCB5F8269FC45300D0AC79 /* Release */ = {
			isa = XCBuildConfiguration;
			buildSettings = {
				ALWAYS_SEARCH_USER_PATHS = NO;
				CLANG_ANALYZER_NONNULL = YES;
				CLANG_ANALYZER_NUMBER_OBJECT_CONVERSION = YES_AGGRESSIVE;
				CLANG_CXX_LANGUAGE_STANDARD = "gnu++14";
				CLANG_CXX_LIBRARY = "libc++";
				CLANG_ENABLE_MODULES = YES;
				CLANG_ENABLE_OBJC_ARC = YES;
				CLANG_ENABLE_OBJC_WEAK = YES;
				CLANG_WARN_BLOCK_CAPTURE_AUTORELEASING = YES;
				CLANG_WARN_BOOL_CONVERSION = YES;
				CLANG_WARN_COMMA = YES;
				CLANG_WARN_CONSTANT_CONVERSION = YES;
				CLANG_WARN_DEPRECATED_OBJC_IMPLEMENTATIONS = YES;
				CLANG_WARN_DIRECT_OBJC_ISA_USAGE = YES_ERROR;
				CLANG_WARN_DOCUMENTATION_COMMENTS = YES;
				CLANG_WARN_EMPTY_BODY = YES;
				CLANG_WARN_ENUM_CONVERSION = YES;
				CLANG_WARN_INFINITE_RECURSION = YES;
				CLANG_WARN_INT_CONVERSION = YES;
				CLANG_WARN_NON_LITERAL_NULL_CONVERSION = YES;
				CLANG_WARN_OBJC_IMPLICIT_RETAIN_SELF = YES;
				CLANG_WARN_OBJC_LITERAL_CONVERSION = YES;
				CLANG_WARN_OBJC_ROOT_CLASS = YES_ERROR;
				CLANG_WARN_QUOTED_INCLUDE_IN_FRAMEWORK_HEADER = YES;
				CLANG_WARN_RANGE_LOOP_ANALYSIS = YES;
				CLANG_WARN_STRICT_PROTOTYPES = YES;
				CLANG_WARN_SUSPICIOUS_MOVE = YES;
				CLANG_WARN_UNGUARDED_AVAILABILITY = YES_AGGRESSIVE;
				CLANG_WARN_UNREACHABLE_CODE = YES;
				CLANG_WARN__DUPLICATE_METHOD_MATCH = YES;
				COPY_PHASE_STRIP = NO;
				DEBUG_INFORMATION_FORMAT = "dwarf-with-dsym";
				ENABLE_NS_ASSERTIONS = NO;
				ENABLE_STRICT_OBJC_MSGSEND = YES;
				GCC_C_LANGUAGE_STANDARD = gnu11;
				GCC_NO_COMMON_BLOCKS = YES;
				GCC_WARN_64_TO_32_BIT_CONVERSION = YES;
				GCC_WARN_ABOUT_RETURN_TYPE = YES_ERROR;
				GCC_WARN_UNDECLARED_SELECTOR = YES;
				GCC_WARN_UNINITIALIZED_AUTOS = YES_AGGRESSIVE;
				GCC_WARN_UNUSED_FUNCTION = YES;
				GCC_WARN_UNUSED_VARIABLE = YES;
				IPHONEOS_DEPLOYMENT_TARGET = 14.5;
				MTL_ENABLE_DEBUG_INFO = NO;
				MTL_FAST_MATH = YES;
				SDKROOT = iphoneos;
				SWIFT_COMPILATION_MODE = wholemodule;
				SWIFT_OPTIMIZATION_LEVEL = "-O";
				VALIDATE_PRODUCT = YES;
			};
			name = Release;
		};
		36CCB5FA269FC45300D0AC79 /* Debug */ = {
			isa = XCBuildConfiguration;
			buildSettings = {
				ASSETCATALOG_COMPILER_APPICON_NAME = AppIcon;
				ASSETCATALOG_COMPILER_GLOBAL_ACCENT_COLOR_NAME = AccentColor;
				CODE_SIGN_STYLE = Automatic;
				DEVELOPMENT_TEAM = 9ZB3V7K8BW;
				INFOPLIST_FILE = "what flower/Info.plist";
				LD_RUNPATH_SEARCH_PATHS = (
					"$(inherited)",
					"@executable_path/Frameworks",
				);
				PRODUCT_BUNDLE_IDENTIFIER = "br.com.what-flower";
				PRODUCT_NAME = "$(TARGET_NAME)";
				SWIFT_VERSION = 5.0;
				TARGETED_DEVICE_FAMILY = "1,2";
			};
			name = Debug;
		};
		36CCB5FB269FC45300D0AC79 /* Release */ = {
			isa = XCBuildConfiguration;
			buildSettings = {
				ASSETCATALOG_COMPILER_APPICON_NAME = AppIcon;
				ASSETCATALOG_COMPILER_GLOBAL_ACCENT_COLOR_NAME = AccentColor;
				CODE_SIGN_STYLE = Automatic;
				DEVELOPMENT_TEAM = 9ZB3V7K8BW;
				INFOPLIST_FILE = "what flower/Info.plist";
				LD_RUNPATH_SEARCH_PATHS = (
					"$(inherited)",
					"@executable_path/Frameworks",
				);
				PRODUCT_BUNDLE_IDENTIFIER = "br.com.what-flower";
				PRODUCT_NAME = "$(TARGET_NAME)";
				SWIFT_VERSION = 5.0;
				TARGETED_DEVICE_FAMILY = "1,2";
			};
			name = Release;
		};
/* End XCBuildConfiguration section */

/* Begin XCConfigurationList section */
		36CCB5E0269FC45200D0AC79 /* Build configuration list for PBXProject "what flower" */ = {
			isa = XCConfigurationList;
			buildConfigurations = (
				36CCB5F7269FC45300D0AC79 /* Debug */,
				36CCB5F8269FC45300D0AC79 /* Release */,
			);
			defaultConfigurationIsVisible = 0;
			defaultConfigurationName = Release;
		};
		36CCB5F9269FC45300D0AC79 /* Build configuration list for PBXNativeTarget "what flower" */ = {
			isa = XCConfigurationList;
			buildConfigurations = (
				36CCB5FA269FC45300D0AC79 /* Debug */,
				36CCB5FB269FC45300D0AC79 /* Release */,
			);
			defaultConfigurationIsVisible = 0;
			defaultConfigurationName = Release;
		};
/* End XCConfigurationList section */
	};
	rootObject = 36CCB5DD269FC45200D0AC79 /* Project object */;
}
