// !$*UTF8*$!
{
	archiveVersion = 1;
	classes = {
	};
	objectVersion = 51;
	objects = {

/* Begin PBXBuildFile section */
		363612F1248C1D6500DCC4E6 /* AppDelegate.swift in Sources */ = {isa = PBXBuildFile; fileRef = 363612F0248C1D6500DCC4E6 /* AppDelegate.swift */; };
		363612F3248C1D6500DCC4E6 /* SceneDelegate.swift in Sources */ = {isa = PBXBuildFile; fileRef = 363612F2248C1D6500DCC4E6 /* SceneDelegate.swift */; };
		363612F5248C1D6500DCC4E6 /* TodoListViewController.swift in Sources */ = {isa = PBXBuildFile; fileRef = 363612F4248C1D6500DCC4E6 /* TodoListViewController.swift */; };
		363612F8248C1D6500DCC4E6 /* Main.storyboard in Resources */ = {isa = PBXBuildFile; fileRef = 363612F6248C1D6500DCC4E6 /* Main.storyboard */; };
		363612FA248C1D6900DCC4E6 /* Assets.xcassets in Resources */ = {isa = PBXBuildFile; fileRef = 363612F9248C1D6900DCC4E6 /* Assets.xcassets */; };
		363612FD248C1D6900DCC4E6 /* LaunchScreen.storyboard in Resources */ = {isa = PBXBuildFile; fileRef = 363612FB248C1D6900DCC4E6 /* LaunchScreen.storyboard */; };
		363F851C24A102E700B2824D /* Item.swift in Sources */ = {isa = PBXBuildFile; fileRef = 363F851B24A102E700B2824D /* Item.swift */; };
		363F851E24A102F000B2824D /* Category.swift in Sources */ = {isa = PBXBuildFile; fileRef = 363F851D24A102F000B2824D /* Category.swift */; };
		36727C0824991C5800EC133E /* CategoryViewController.swift in Sources */ = {isa = PBXBuildFile; fileRef = 36727C0724991C5800EC133E /* CategoryViewController.swift */; };
		36DF2E8224AB951600CF1654 /* SwipeViewController.swift in Sources */ = {isa = PBXBuildFile; fileRef = 36DF2E8124AB951600CF1654 /* SwipeViewController.swift */; };
		884603E7066CB61F12E9DD6A /* Pods_todoey.framework in Frameworks */ = {isa = PBXBuildFile; fileRef = B20E6E6A14442AACA5E15D70 /* Pods_todoey.framework */; };
/* End PBXBuildFile section */

/* Begin PBXFileReference section */
		0D51683CA90386AC3BCB0E1D /* Pods-todoey.release.xcconfig */ = {isa = PBXFileReference; includeInIndex = 1; lastKnownFileType = text.xcconfig; name = "Pods-todoey.release.xcconfig"; path = "Target Support Files/Pods-todoey/Pods-todoey.release.xcconfig"; sourceTree = "<group>"; };
		363612ED248C1D6500DCC4E6 /* todoey.app */ = {isa = PBXFileReference; explicitFileType = wrapper.application; includeInIndex = 0; path = todoey.app; sourceTree = BUILT_PRODUCTS_DIR; };
		363612F0248C1D6500DCC4E6 /* AppDelegate.swift */ = {isa = PBXFileReference; lastKnownFileType = sourcecode.swift; path = AppDelegate.swift; sourceTree = "<group>"; };
		363612F2248C1D6500DCC4E6 /* SceneDelegate.swift */ = {isa = PBXFileReference; lastKnownFileType = sourcecode.swift; path = SceneDelegate.swift; sourceTree = "<group>"; };
		363612F4248C1D6500DCC4E6 /* TodoListViewController.swift */ = {isa = PBXFileReference; lastKnownFileType = sourcecode.swift; path = TodoListViewController.swift; sourceTree = "<group>"; };
		363612F7248C1D6500DCC4E6 /* Base */ = {isa = PBXFileReference; lastKnownFileType = file.storyboard; name = Base; path = Base.lproj/Main.storyboard; sourceTree = "<group>"; };
		363612F9248C1D6900DCC4E6 /* Assets.xcassets */ = {isa = PBXFileReference; lastKnownFileType = folder.assetcatalog; path = Assets.xcassets; sourceTree = "<group>"; };
		363612FC248C1D6900DCC4E6 /* Base */ = {isa = PBXFileReference; lastKnownFileType = file.storyboard; name = Base; path = Base.lproj/LaunchScreen.storyboard; sourceTree = "<group>"; };
		363612FE248C1D6900DCC4E6 /* Info.plist */ = {isa = PBXFileReference; lastKnownFileType = text.plist.xml; path = Info.plist; sourceTree = "<group>"; };
		363F851B24A102E700B2824D /* Item.swift */ = {isa = PBXFileReference; lastKnownFileType = sourcecode.swift; path = Item.swift; sourceTree = "<group>"; };
		363F851D24A102F000B2824D /* Category.swift */ = {isa = PBXFileReference; lastKnownFileType = sourcecode.swift; path = Category.swift; sourceTree = "<group>"; };
		36727C0724991C5800EC133E /* CategoryViewController.swift */ = {isa = PBXFileReference; lastKnownFileType = sourcecode.swift; path = CategoryViewController.swift; sourceTree = "<group>"; };
		36DF2E8124AB951600CF1654 /* SwipeViewController.swift */ = {isa = PBXFileReference; lastKnownFileType = sourcecode.swift; path = SwipeViewController.swift; sourceTree = "<group>"; };
		B20E6E6A14442AACA5E15D70 /* Pods_todoey.framework */ = {isa = PBXFileReference; explicitFileType = wrapper.framework; includeInIndex = 0; path = Pods_todoey.framework; sourceTree = BUILT_PRODUCTS_DIR; };
		FCF40560158141A3AB91CFED /* Pods-todoey.debug.xcconfig */ = {isa = PBXFileReference; includeInIndex = 1; lastKnownFileType = text.xcconfig; name = "Pods-todoey.debug.xcconfig"; path = "Target Support Files/Pods-todoey/Pods-todoey.debug.xcconfig"; sourceTree = "<group>"; };
/* End PBXFileReference section */

/* Begin PBXFrameworksBuildPhase section */
		363612EA248C1D6500DCC4E6 /* Frameworks */ = {
			isa = PBXFrameworksBuildPhase;
			buildActionMask = 2147483647;
			files = (
				884603E7066CB61F12E9DD6A /* Pods_todoey.framework in Frameworks */,
			);
			runOnlyForDeploymentPostprocessing = 0;
		};
/* End PBXFrameworksBuildPhase section */

/* Begin PBXGroup section */
		0961ADFAF7C2A1EFC024C74C /* Frameworks */ = {
			isa = PBXGroup;
			children = (
				B20E6E6A14442AACA5E15D70 /* Pods_todoey.framework */,
			);
			name = Frameworks;
			sourceTree = "<group>";
		};
		3601E46B249132540015D1F7 /* Data Model */ = {
			isa = PBXGroup;
			children = (
				363F851D24A102F000B2824D /* Category.swift */,
				363F851B24A102E700B2824D /* Item.swift */,
			);
			path = "Data Model";
			sourceTree = "<group>";
		};
		3601E46E2491327F0015D1F7 /* Controllers */ = {
			isa = PBXGroup;
			children = (
				36727C0724991C5800EC133E /* CategoryViewController.swift */,
				363612F4248C1D6500DCC4E6 /* TodoListViewController.swift */,
				36DF2E8124AB951600CF1654 /* SwipeViewController.swift */,
			);
			path = Controllers;
			sourceTree = "<group>";
		};
		3601E46F249132930015D1F7 /* View */ = {
			isa = PBXGroup;
			children = (
				363612F6248C1D6500DCC4E6 /* Main.storyboard */,
			);
			path = View;
			sourceTree = "<group>";
		};
		3601E470249132DC0015D1F7 /* Suport Files */ = {
			isa = PBXGroup;
			children = (
				363612F9248C1D6900DCC4E6 /* Assets.xcassets */,
				363612FB248C1D6900DCC4E6 /* LaunchScreen.storyboard */,
			);
			path = "Suport Files";
			sourceTree = "<group>";
		};
		363612E4248C1D6500DCC4E6 = {
			isa = PBXGroup;
			children = (
				363612EF248C1D6500DCC4E6 /* todoey */,
				363612EE248C1D6500DCC4E6 /* Products */,
				6E6C123A8399217EB96EAE0D /* Pods */,
				0961ADFAF7C2A1EFC024C74C /* Frameworks */,
			);
			sourceTree = "<group>";
		};
		363612EE248C1D6500DCC4E6 /* Products */ = {
			isa = PBXGroup;
			children = (
				363612ED248C1D6500DCC4E6 /* todoey.app */,
			);
			name = Products;
			sourceTree = "<group>";
		};
		363612EF248C1D6500DCC4E6 /* todoey */ = {
			isa = PBXGroup;
			children = (
				363612F0248C1D6500DCC4E6 /* AppDelegate.swift */,
				363612F2248C1D6500DCC4E6 /* SceneDelegate.swift */,
				3601E46B249132540015D1F7 /* Data Model */,
				3601E46F249132930015D1F7 /* View */,
				3601E46E2491327F0015D1F7 /* Controllers */,
				3601E470249132DC0015D1F7 /* Suport Files */,
				363612FE248C1D6900DCC4E6 /* Info.plist */,
			);
			path = todoey;
			sourceTree = "<group>";
		};
		6E6C123A8399217EB96EAE0D /* Pods */ = {
			isa = PBXGroup;
			children = (
				FCF40560158141A3AB91CFED /* Pods-todoey.debug.xcconfig */,
				0D51683CA90386AC3BCB0E1D /* Pods-todoey.release.xcconfig */,
			);
			path = Pods;
			sourceTree = "<group>";
		};
/* End PBXGroup section */

/* Begin PBXNativeTarget section */
		363612EC248C1D6500DCC4E6 /* todoey */ = {
			isa = PBXNativeTarget;
			buildConfigurationList = 36361301248C1D6900DCC4E6 /* Build configuration list for PBXNativeTarget "todoey" */;
			buildPhases = (
				E8496325B024131E06D956C5 /* [CP] Check Pods Manifest.lock */,
				363612E9248C1D6500DCC4E6 /* Sources */,
				363612EA248C1D6500DCC4E6 /* Frameworks */,
				363612EB248C1D6500DCC4E6 /* Resources */,
				48EDF178A66D3E9A7C081635 /* [CP] Embed Pods Frameworks */,
			);
			buildRules = (
			);
			dependencies = (
			);
			name = todoey;
			productName = todoey;
			productReference = 363612ED248C1D6500DCC4E6 /* todoey.app */;
			productType = "com.apple.product-type.application";
		};
/* End PBXNativeTarget section */

/* Begin PBXProject section */
		363612E5248C1D6500DCC4E6 /* Project object */ = {
			isa = PBXProject;
			attributes = {
				LastSwiftUpdateCheck = 1140;
				LastUpgradeCheck = 1140;
				ORGANIZATIONNAME = "Ana Thayna Franca";
				TargetAttributes = {
					363612EC248C1D6500DCC4E6 = {
						CreatedOnToolsVersion = 11.4.1;
					};
				};
			};
			buildConfigurationList = 363612E8248C1D6500DCC4E6 /* Build configuration list for PBXProject "todoey" */;
			compatibilityVersion = "Xcode 9.3";
			developmentRegion = en;
			hasScannedForEncodings = 0;
			knownRegions = (
				en,
				Base,
			);
			mainGroup = 363612E4248C1D6500DCC4E6;
			productRefGroup = 363612EE248C1D6500DCC4E6 /* Products */;
			projectDirPath = "";
			projectRoot = "";
			targets = (
				363612EC248C1D6500DCC4E6 /* todoey */,
			);
		};
/* End PBXProject section */

/* Begin PBXResourcesBuildPhase section */
		363612EB248C1D6500DCC4E6 /* Resources */ = {
			isa = PBXResourcesBuildPhase;
			buildActionMask = 2147483647;
			files = (
				363612FD248C1D6900DCC4E6 /* LaunchScreen.storyboard in Resources */,
				363612FA248C1D6900DCC4E6 /* Assets.xcassets in Resources */,
				363612F8248C1D6500DCC4E6 /* Main.storyboard in Resources */,
			);
			runOnlyForDeploymentPostprocessing = 0;
		};
/* End PBXResourcesBuildPhase section */

/* Begin PBXShellScriptBuildPhase section */
		48EDF178A66D3E9A7C081635 /* [CP] Embed Pods Frameworks */ = {
			isa = PBXShellScriptBuildPhase;
			buildActionMask = 2147483647;
			files = (
			);
			inputFileListPaths = (
				"${PODS_ROOT}/Target Support Files/Pods-todoey/Pods-todoey-frameworks-${CONFIGURATION}-input-files.xcfilelist",
			);
			name = "[CP] Embed Pods Frameworks";
			outputFileListPaths = (
				"${PODS_ROOT}/Target Support Files/Pods-todoey/Pods-todoey-frameworks-${CONFIGURATION}-output-files.xcfilelist",
			);
			runOnlyForDeploymentPostprocessing = 0;
			shellPath = /bin/sh;
			shellScript = "\"${PODS_ROOT}/Target Support Files/Pods-todoey/Pods-todoey-frameworks.sh\"\n";
			showEnvVarsInLog = 0;
		};
		E8496325B024131E06D956C5 /* [CP] Check Pods Manifest.lock */ = {
			isa = PBXShellScriptBuildPhase;
			buildActionMask = 2147483647;
			files = (
			);
			inputFileListPaths = (
			);
			inputPaths = (
				"${PODS_PODFILE_DIR_PATH}/Podfile.lock",
				"${PODS_ROOT}/Manifest.lock",
			);
			name = "[CP] Check Pods Manifest.lock";
			outputFileListPaths = (
			);
			outputPaths = (
				"$(DERIVED_FILE_DIR)/Pods-todoey-checkManifestLockResult.txt",
			);
			runOnlyForDeploymentPostprocessing = 0;
			shellPath = /bin/sh;
			shellScript = "diff \"${PODS_PODFILE_DIR_PATH}/Podfile.lock\" \"${PODS_ROOT}/Manifest.lock\" > /dev/null\nif [ $? != 0 ] ; then\n    # print error to STDERR\n    echo \"error: The sandbox is not in sync with the Podfile.lock. Run 'pod install' or update your CocoaPods installation.\" >&2\n    exit 1\nfi\n# This output is used by Xcode 'outputs' to avoid re-running this script phase.\necho \"SUCCESS\" > \"${SCRIPT_OUTPUT_FILE_0}\"\n";
			showEnvVarsInLog = 0;
		};
/* End PBXShellScriptBuildPhase section */

/* Begin PBXSourcesBuildPhase section */
		363612E9248C1D6500DCC4E6 /* Sources */ = {
			isa = PBXSourcesBuildPhase;
			buildActionMask = 2147483647;
			files = (
				36727C0824991C5800EC133E /* CategoryViewController.swift in Sources */,
				363612F5248C1D6500DCC4E6 /* TodoListViewController.swift in Sources */,
				363612F1248C1D6500DCC4E6 /* AppDelegate.swift in Sources */,
				363F851C24A102E700B2824D /* Item.swift in Sources */,
				363612F3248C1D6500DCC4E6 /* SceneDelegate.swift in Sources */,
				36DF2E8224AB951600CF1654 /* SwipeViewController.swift in Sources */,
				363F851E24A102F000B2824D /* Category.swift in Sources */,
			);
			runOnlyForDeploymentPostprocessing = 0;
		};
/* End PBXSourcesBuildPhase section */

/* Begin PBXVariantGroup section */
		363612F6248C1D6500DCC4E6 /* Main.storyboard */ = {
			isa = PBXVariantGroup;
			children = (
				363612F7248C1D6500DCC4E6 /* Base */,
			);
			name = Main.storyboard;
			sourceTree = "<group>";
		};
		363612FB248C1D6900DCC4E6 /* LaunchScreen.storyboard */ = {
			isa = PBXVariantGroup;
			children = (
				363612FC248C1D6900DCC4E6 /* Base */,
			);
			name = LaunchScreen.storyboard;
			sourceTree = "<group>";
		};
/* End PBXVariantGroup section */

/* Begin XCBuildConfiguration section */
		363612FF248C1D6900DCC4E6 /* Debug */ = {
			isa = XCBuildConfiguration;
			buildSettings = {
				ALWAYS_SEARCH_USER_PATHS = NO;
				CLANG_ANALYZER_NONNULL = YES;
				CLANG_ANALYZER_NUMBER_OBJECT_CONVERSION = YES_AGGRESSIVE;
				CLANG_CXX_LANGUAGE_STANDARD = "gnu++14";
				CLANG_CXX_LIBRARY = "libc++";
				CLANG_ENABLE_MODULES = YES;
				CLANG_ENABLE_OBJC_ARC = YES;
				CLANG_ENABLE_OBJC_WEAK = YES;
				CLANG_WARN_BLOCK_CAPTURE_AUTORELEASING = YES;
				CLANG_WARN_BOOL_CONVERSION = YES;
				CLANG_WARN_COMMA = YES;
				CLANG_WARN_CONSTANT_CONVERSION = YES;
				CLANG_WARN_DEPRECATED_OBJC_IMPLEMENTATIONS = YES;
				CLANG_WARN_DIRECT_OBJC_ISA_USAGE = YES_ERROR;
				CLANG_WARN_DOCUMENTATION_COMMENTS = YES;
				CLANG_WARN_EMPTY_BODY = YES;
				CLANG_WARN_ENUM_CONVERSION = YES;
				CLANG_WARN_INFINITE_RECURSION = YES;
				CLANG_WARN_INT_CONVERSION = YES;
				CLANG_WARN_NON_LITERAL_NULL_CONVERSION = YES;
				CLANG_WARN_OBJC_IMPLICIT_RETAIN_SELF = YES;
				CLANG_WARN_OBJC_LITERAL_CONVERSION = YES;
				CLANG_WARN_OBJC_ROOT_CLASS = YES_ERROR;
				CLANG_WARN_RANGE_LOOP_ANALYSIS = YES;
				CLANG_WARN_STRICT_PROTOTYPES = YES;
				CLANG_WARN_SUSPICIOUS_MOVE = YES;
				CLANG_WARN_UNGUARDED_AVAILABILITY = YES_AGGRESSIVE;
				CLANG_WARN_UNREACHABLE_CODE = YES;
				CLANG_WARN__DUPLICATE_METHOD_MATCH = YES;
				COPY_PHASE_STRIP = NO;
				DEBUG_INFORMATION_FORMAT = dwarf;
				ENABLE_STRICT_OBJC_MSGSEND = YES;
				ENABLE_TESTABILITY = YES;
				GCC_C_LANGUAGE_STANDARD = gnu11;
				GCC_DYNAMIC_NO_PIC = NO;
				GCC_NO_COMMON_BLOCKS = YES;
				GCC_OPTIMIZATION_LEVEL = 0;
				GCC_PREPROCESSOR_DEFINITIONS = (
					"DEBUG=1",
					"$(inherited)",
				);
				GCC_WARN_64_TO_32_BIT_CONVERSION = YES;
				GCC_WARN_ABOUT_RETURN_TYPE = YES_ERROR;
				GCC_WARN_UNDECLARED_SELECTOR = YES;
				GCC_WARN_UNINITIALIZED_AUTOS = YES_AGGRESSIVE;
				GCC_WARN_UNUSED_FUNCTION = YES;
				GCC_WARN_UNUSED_VARIABLE = YES;
				IPHONEOS_DEPLOYMENT_TARGET = 13.4;
				MTL_ENABLE_DEBUG_INFO = INCLUDE_SOURCE;
				MTL_FAST_MATH = YES;
				ONLY_ACTIVE_ARCH = YES;
				SDKROOT = iphoneos;
				SWIFT_ACTIVE_COMPILATION_CONDITIONS = DEBUG;
				SWIFT_OPTIMIZATION_LEVEL = "-Onone";
			};
			name = Debug;
		};
		36361300248C1D6900DCC4E6 /* Release */ = {
			isa = XCBuildConfiguration;
			buildSettings = {
				ALWAYS_SEARCH_USER_PATHS = NO;
				CLANG_ANALYZER_NONNULL = YES;
				CLANG_ANALYZER_NUMBER_OBJECT_CONVERSION = YES_AGGRESSIVE;
				CLANG_CXX_LANGUAGE_STANDARD = "gnu++14";
				CLANG_CXX_LIBRARY = "libc++";
				CLANG_ENABLE_MODULES = YES;
				CLANG_ENABLE_OBJC_ARC = YES;
				CLANG_ENABLE_OBJC_WEAK = YES;
				CLANG_WARN_BLOCK_CAPTURE_AUTORELEASING = YES;
				CLANG_WARN_BOOL_CONVERSION = YES;
				CLANG_WARN_COMMA = YES;
				CLANG_WARN_CONSTANT_CONVERSION = YES;
				CLANG_WARN_DEPRECATED_OBJC_IMPLEMENTATIONS = YES;
				CLANG_WARN_DIRECT_OBJC_ISA_USAGE = YES_ERROR;
				CLANG_WARN_DOCUMENTATION_COMMENTS = YES;
				CLANG_WARN_EMPTY_BODY = YES;
				CLANG_WARN_ENUM_CONVERSION = YES;
				CLANG_WARN_INFINITE_RECURSION = YES;
				CLANG_WARN_INT_CONVERSION = YES;
				CLANG_WARN_NON_LITERAL_NULL_CONVERSION = YES;
				CLANG_WARN_OBJC_IMPLICIT_RETAIN_SELF = YES;
				CLANG_WARN_OBJC_LITERAL_CONVERSION = YES;
				CLANG_WARN_OBJC_ROOT_CLASS = YES_ERROR;
				CLANG_WARN_RANGE_LOOP_ANALYSIS = YES;
				CLANG_WARN_STRICT_PROTOTYPES = YES;
				CLANG_WARN_SUSPICIOUS_MOVE = YES;
				CLANG_WARN_UNGUARDED_AVAILABILITY = YES_AGGRESSIVE;
				CLANG_WARN_UNREACHABLE_CODE = YES;
				CLANG_WARN__DUPLICATE_METHOD_MATCH = YES;
				COPY_PHASE_STRIP = NO;
				DEBUG_INFORMATION_FORMAT = "dwarf-with-dsym";
				ENABLE_NS_ASSERTIONS = NO;
				ENABLE_STRICT_OBJC_MSGSEND = YES;
				GCC_C_LANGUAGE_STANDARD = gnu11;
				GCC_NO_COMMON_BLOCKS = YES;
				GCC_WARN_64_TO_32_BIT_CONVERSION = YES;
				GCC_WARN_ABOUT_RETURN_TYPE = YES_ERROR;
				GCC_WARN_UNDECLARED_SELECTOR = YES;
				GCC_WARN_UNINITIALIZED_AUTOS = YES_AGGRESSIVE;
				GCC_WARN_UNUSED_FUNCTION = YES;
				GCC_WARN_UNUSED_VARIABLE = YES;
				IPHONEOS_DEPLOYMENT_TARGET = 13.4;
				MTL_ENABLE_DEBUG_INFO = NO;
				MTL_FAST_MATH = YES;
				SDKROOT = iphoneos;
				SWIFT_COMPILATION_MODE = wholemodule;
				SWIFT_OPTIMIZATION_LEVEL = "-O";
				VALIDATE_PRODUCT = YES;
			};
			name = Release;
		};
		36361302248C1D6900DCC4E6 /* Debug */ = {
			isa = XCBuildConfiguration;
			baseConfigurationReference = FCF40560158141A3AB91CFED /* Pods-todoey.debug.xcconfig */;
			buildSettings = {
				ASSETCATALOG_COMPILER_APPICON_NAME = AppIcon;
				CODE_SIGN_STYLE = Automatic;
				INFOPLIST_FILE = todoey/Info.plist;
				LD_RUNPATH_SEARCH_PATHS = (
					"$(inherited)",
					"@executable_path/Frameworks",
				);
				PRODUCT_BUNDLE_IDENTIFIER = com.anathayna.todoey;
				PRODUCT_NAME = "$(TARGET_NAME)";
				SWIFT_VERSION = 5.0;
				TARGETED_DEVICE_FAMILY = "1,2";
			};
			name = Debug;
		};
		36361303248C1D6900DCC4E6 /* Release */ = {
			isa = XCBuildConfiguration;
			baseConfigurationReference = 0D51683CA90386AC3BCB0E1D /* Pods-todoey.release.xcconfig */;
			buildSettings = {
				ASSETCATALOG_COMPILER_APPICON_NAME = AppIcon;
				CODE_SIGN_STYLE = Automatic;
				INFOPLIST_FILE = todoey/Info.plist;
				LD_RUNPATH_SEARCH_PATHS = (
					"$(inherited)",
					"@executable_path/Frameworks",
				);
				PRODUCT_BUNDLE_IDENTIFIER = com.anathayna.todoey;
				PRODUCT_NAME = "$(TARGET_NAME)";
				SWIFT_VERSION = 5.0;
				TARGETED_DEVICE_FAMILY = "1,2";
			};
			name = Release;
		};
/* End XCBuildConfiguration section */

/* Begin XCConfigurationList section */
		363612E8248C1D6500DCC4E6 /* Build configuration list for PBXProject "todoey" */ = {
			isa = XCConfigurationList;
			buildConfigurations = (
				363612FF248C1D6900DCC4E6 /* Debug */,
				36361300248C1D6900DCC4E6 /* Release */,
			);
			defaultConfigurationIsVisible = 0;
			defaultConfigurationName = Release;
		};
		36361301248C1D6900DCC4E6 /* Build configuration list for PBXNativeTarget "todoey" */ = {
			isa = XCConfigurationList;
			buildConfigurations = (
				36361302248C1D6900DCC4E6 /* Debug */,
				36361303248C1D6900DCC4E6 /* Release */,
			);
			defaultConfigurationIsVisible = 0;
			defaultConfigurationName = Release;
		};
/* End XCConfigurationList section */
	};
	rootObject = 363612E5248C1D6500DCC4E6 /* Project object */;
}
