// !$*UTF8*$!
{
	archiveVersion = 1;
	classes = {
	};
	objectVersion = 50;
	objects = {

/* Begin PBXBuildFile section */
		36B61DFD24C1F106001EE9E1 /* AppDelegate.swift in Sources */ = {isa = PBXBuildFile; fileRef = 36B61DFC24C1F106001EE9E1 /* AppDelegate.swift */; };
		36B61DFF24C1F106001EE9E1 /* SceneDelegate.swift in Sources */ = {isa = PBXBuildFile; fileRef = 36B61DFE24C1F106001EE9E1 /* SceneDelegate.swift */; };
		36B61E0124C1F106001EE9E1 /* ViewController.swift in Sources */ = {isa = PBXBuildFile; fileRef = 36B61E0024C1F106001EE9E1 /* ViewController.swift */; };
		36B61E0424C1F106001EE9E1 /* Main.storyboard in Resources */ = {isa = PBXBuildFile; fileRef = 36B61E0224C1F106001EE9E1 /* Main.storyboard */; };
		36B61E0724C1F106001EE9E1 /* leilao.xcdatamodeld in Sources */ = {isa = PBXBuildFile; fileRef = 36B61E0524C1F106001EE9E1 /* leilao.xcdatamodeld */; };
		36B61E0924C1F110001EE9E1 /* Assets.xcassets in Resources */ = {isa = PBXBuildFile; fileRef = 36B61E0824C1F110001EE9E1 /* Assets.xcassets */; };
		36B61E0C24C1F110001EE9E1 /* LaunchScreen.storyboard in Resources */ = {isa = PBXBuildFile; fileRef = 36B61E0A24C1F110001EE9E1 /* LaunchScreen.storyboard */; };
		36B61E1724C1F111001EE9E1 /* leilaoTests.swift in Sources */ = {isa = PBXBuildFile; fileRef = 36B61E1624C1F111001EE9E1 /* leilaoTests.swift */; };
		36B61E2224C1F111001EE9E1 /* leilaoUITests.swift in Sources */ = {isa = PBXBuildFile; fileRef = 36B61E2124C1F111001EE9E1 /* leilaoUITests.swift */; };
		36B61E3424C1F176001EE9E1 /* Usuario.swift in Sources */ = {isa = PBXBuildFile; fileRef = 36B61E3024C1F175001EE9E1 /* Usuario.swift */; };
		36B61E3524C1F176001EE9E1 /* Lance.swift in Sources */ = {isa = PBXBuildFile; fileRef = 36B61E3124C1F175001EE9E1 /* Lance.swift */; };
		36B61E3624C1F176001EE9E1 /* Leilao.swift in Sources */ = {isa = PBXBuildFile; fileRef = 36B61E3224C1F176001EE9E1 /* Leilao.swift */; };
		36B61E3724C1F176001EE9E1 /* Avaliador.swift in Sources */ = {isa = PBXBuildFile; fileRef = 36B61E3324C1F176001EE9E1 /* Avaliador.swift */; };
/* End PBXBuildFile section */

/* Begin PBXContainerItemProxy section */
		36B61E1324C1F111001EE9E1 /* PBXContainerItemProxy */ = {
			isa = PBXContainerItemProxy;
			containerPortal = 36B61DF124C1F106001EE9E1 /* Project object */;
			proxyType = 1;
			remoteGlobalIDString = 36B61DF824C1F106001EE9E1;
			remoteInfo = leilao;
		};
		36B61E1E24C1F111001EE9E1 /* PBXContainerItemProxy */ = {
			isa = PBXContainerItemProxy;
			containerPortal = 36B61DF124C1F106001EE9E1 /* Project object */;
			proxyType = 1;
			remoteGlobalIDString = 36B61DF824C1F106001EE9E1;
			remoteInfo = leilao;
		};
/* End PBXContainerItemProxy section */

/* Begin PBXFileReference section */
		36B61DF924C1F106001EE9E1 /* leilao.app */ = {isa = PBXFileReference; explicitFileType = wrapper.application; includeInIndex = 0; path = leilao.app; sourceTree = BUILT_PRODUCTS_DIR; };
		36B61DFC24C1F106001EE9E1 /* AppDelegate.swift */ = {isa = PBXFileReference; lastKnownFileType = sourcecode.swift; path = AppDelegate.swift; sourceTree = "<group>"; };
		36B61DFE24C1F106001EE9E1 /* SceneDelegate.swift */ = {isa = PBXFileReference; lastKnownFileType = sourcecode.swift; path = SceneDelegate.swift; sourceTree = "<group>"; };
		36B61E0024C1F106001EE9E1 /* ViewController.swift */ = {isa = PBXFileReference; lastKnownFileType = sourcecode.swift; path = ViewController.swift; sourceTree = "<group>"; };
		36B61E0324C1F106001EE9E1 /* Base */ = {isa = PBXFileReference; lastKnownFileType = file.storyboard; name = Base; path = Base.lproj/Main.storyboard; sourceTree = "<group>"; };
		36B61E0624C1F106001EE9E1 /* leilao.xcdatamodel */ = {isa = PBXFileReference; lastKnownFileType = wrapper.xcdatamodel; path = leilao.xcdatamodel; sourceTree = "<group>"; };
		36B61E0824C1F110001EE9E1 /* Assets.xcassets */ = {isa = PBXFileReference; lastKnownFileType = folder.assetcatalog; path = Assets.xcassets; sourceTree = "<group>"; };
		36B61E0B24C1F110001EE9E1 /* Base */ = {isa = PBXFileReference; lastKnownFileType = file.storyboard; name = Base; path = Base.lproj/LaunchScreen.storyboard; sourceTree = "<group>"; };
		36B61E0D24C1F110001EE9E1 /* Info.plist */ = {isa = PBXFileReference; lastKnownFileType = text.plist.xml; path = Info.plist; sourceTree = "<group>"; };
		36B61E1224C1F111001EE9E1 /* leilaoTests.xctest */ = {isa = PBXFileReference; explicitFileType = wrapper.cfbundle; includeInIndex = 0; path = leilaoTests.xctest; sourceTree = BUILT_PRODUCTS_DIR; };
		36B61E1624C1F111001EE9E1 /* leilaoTests.swift */ = {isa = PBXFileReference; lastKnownFileType = sourcecode.swift; path = leilaoTests.swift; sourceTree = "<group>"; };
		36B61E1824C1F111001EE9E1 /* Info.plist */ = {isa = PBXFileReference; lastKnownFileType = text.plist.xml; path = Info.plist; sourceTree = "<group>"; };
		36B61E1D24C1F111001EE9E1 /* leilaoUITests.xctest */ = {isa = PBXFileReference; explicitFileType = wrapper.cfbundle; includeInIndex = 0; path = leilaoUITests.xctest; sourceTree = BUILT_PRODUCTS_DIR; };
		36B61E2124C1F111001EE9E1 /* leilaoUITests.swift */ = {isa = PBXFileReference; lastKnownFileType = sourcecode.swift; path = leilaoUITests.swift; sourceTree = "<group>"; };
		36B61E2324C1F111001EE9E1 /* Info.plist */ = {isa = PBXFileReference; lastKnownFileType = text.plist.xml; path = Info.plist; sourceTree = "<group>"; };
		36B61E3024C1F175001EE9E1 /* Usuario.swift */ = {isa = PBXFileReference; fileEncoding = 4; lastKnownFileType = sourcecode.swift; path = Usuario.swift; sourceTree = "<group>"; };
		36B61E3124C1F175001EE9E1 /* Lance.swift */ = {isa = PBXFileReference; fileEncoding = 4; lastKnownFileType = sourcecode.swift; path = Lance.swift; sourceTree = "<group>"; };
		36B61E3224C1F176001EE9E1 /* Leilao.swift */ = {isa = PBXFileReference; fileEncoding = 4; lastKnownFileType = sourcecode.swift; path = Leilao.swift; sourceTree = "<group>"; };
		36B61E3324C1F176001EE9E1 /* Avaliador.swift */ = {isa = PBXFileReference; fileEncoding = 4; lastKnownFileType = sourcecode.swift; path = Avaliador.swift; sourceTree = "<group>"; };
/* End PBXFileReference section */

/* Begin PBXFrameworksBuildPhase section */
		36B61DF624C1F106001EE9E1 /* Frameworks */ = {
			isa = PBXFrameworksBuildPhase;
			buildActionMask = 2147483647;
			files = (
			);
			runOnlyForDeploymentPostprocessing = 0;
		};
		36B61E0F24C1F111001EE9E1 /* Frameworks */ = {
			isa = PBXFrameworksBuildPhase;
			buildActionMask = 2147483647;
			files = (
			);
			runOnlyForDeploymentPostprocessing = 0;
		};
		36B61E1A24C1F111001EE9E1 /* Frameworks */ = {
			isa = PBXFrameworksBuildPhase;
			buildActionMask = 2147483647;
			files = (
			);
			runOnlyForDeploymentPostprocessing = 0;
		};
/* End PBXFrameworksBuildPhase section */

/* Begin PBXGroup section */
		36B61DF024C1F106001EE9E1 = {
			isa = PBXGroup;
			children = (
				36B61DFB24C1F106001EE9E1 /* leilao */,
				36B61E1524C1F111001EE9E1 /* leilaoTests */,
				36B61E2024C1F111001EE9E1 /* leilaoUITests */,
				36B61DFA24C1F106001EE9E1 /* Products */,
			);
			sourceTree = "<group>";
		};
		36B61DFA24C1F106001EE9E1 /* Products */ = {
			isa = PBXGroup;
			children = (
				36B61DF924C1F106001EE9E1 /* leilao.app */,
				36B61E1224C1F111001EE9E1 /* leilaoTests.xctest */,
				36B61E1D24C1F111001EE9E1 /* leilaoUITests.xctest */,
			);
			name = Products;
			sourceTree = "<group>";
		};
		36B61DFB24C1F106001EE9E1 /* leilao */ = {
			isa = PBXGroup;
			children = (
				36B61DFC24C1F106001EE9E1 /* AppDelegate.swift */,
				36B61DFE24C1F106001EE9E1 /* SceneDelegate.swift */,
				36B61E2F24C1F15F001EE9E1 /* Models */,
				36B61E0024C1F106001EE9E1 /* ViewController.swift */,
				36B61E0224C1F106001EE9E1 /* Main.storyboard */,
				36B61E0824C1F110001EE9E1 /* Assets.xcassets */,
				36B61E0A24C1F110001EE9E1 /* LaunchScreen.storyboard */,
				36B61E0D24C1F110001EE9E1 /* Info.plist */,
				36B61E0524C1F106001EE9E1 /* leilao.xcdatamodeld */,
			);
			path = leilao;
			sourceTree = "<group>";
		};
		36B61E1524C1F111001EE9E1 /* leilaoTests */ = {
			isa = PBXGroup;
			children = (
				36B61E1624C1F111001EE9E1 /* leilaoTests.swift */,
				36B61E1824C1F111001EE9E1 /* Info.plist */,
			);
			path = leilaoTests;
			sourceTree = "<group>";
		};
		36B61E2024C1F111001EE9E1 /* leilaoUITests */ = {
			isa = PBXGroup;
			children = (
				36B61E2124C1F111001EE9E1 /* leilaoUITests.swift */,
				36B61E2324C1F111001EE9E1 /* Info.plist */,
			);
			path = leilaoUITests;
			sourceTree = "<group>";
		};
		36B61E2F24C1F15F001EE9E1 /* Models */ = {
			isa = PBXGroup;
			children = (
				36B61E3324C1F176001EE9E1 /* Avaliador.swift */,
				36B61E3124C1F175001EE9E1 /* Lance.swift */,
				36B61E3224C1F176001EE9E1 /* Leilao.swift */,
				36B61E3024C1F175001EE9E1 /* Usuario.swift */,
			);
			path = Models;
			sourceTree = "<group>";
		};
/* End PBXGroup section */

/* Begin PBXNativeTarget section */
		36B61DF824C1F106001EE9E1 /* leilao */ = {
			isa = PBXNativeTarget;
			buildConfigurationList = 36B61E2624C1F111001EE9E1 /* Build configuration list for PBXNativeTarget "leilao" */;
			buildPhases = (
				36B61DF524C1F106001EE9E1 /* Sources */,
				36B61DF624C1F106001EE9E1 /* Frameworks */,
				36B61DF724C1F106001EE9E1 /* Resources */,
			);
			buildRules = (
			);
			dependencies = (
			);
			name = leilao;
			productName = leilao;
			productReference = 36B61DF924C1F106001EE9E1 /* leilao.app */;
			productType = "com.apple.product-type.application";
		};
		36B61E1124C1F111001EE9E1 /* leilaoTests */ = {
			isa = PBXNativeTarget;
			buildConfigurationList = 36B61E2924C1F111001EE9E1 /* Build configuration list for PBXNativeTarget "leilaoTests" */;
			buildPhases = (
				36B61E0E24C1F111001EE9E1 /* Sources */,
				36B61E0F24C1F111001EE9E1 /* Frameworks */,
				36B61E1024C1F111001EE9E1 /* Resources */,
			);
			buildRules = (
			);
			dependencies = (
				36B61E1424C1F111001EE9E1 /* PBXTargetDependency */,
			);
			name = leilaoTests;
			productName = leilaoTests;
			productReference = 36B61E1224C1F111001EE9E1 /* leilaoTests.xctest */;
			productType = "com.apple.product-type.bundle.unit-test";
		};
		36B61E1C24C1F111001EE9E1 /* leilaoUITests */ = {
			isa = PBXNativeTarget;
			buildConfigurationList = 36B61E2C24C1F111001EE9E1 /* Build configuration list for PBXNativeTarget "leilaoUITests" */;
			buildPhases = (
				36B61E1924C1F111001EE9E1 /* Sources */,
				36B61E1A24C1F111001EE9E1 /* Frameworks */,
				36B61E1B24C1F111001EE9E1 /* Resources */,
			);
			buildRules = (
			);
			dependencies = (
				36B61E1F24C1F111001EE9E1 /* PBXTargetDependency */,
			);
			name = leilaoUITests;
			productName = leilaoUITests;
			productReference = 36B61E1D24C1F111001EE9E1 /* leilaoUITests.xctest */;
			productType = "com.apple.product-type.bundle.ui-testing";
		};
/* End PBXNativeTarget section */

/* Begin PBXProject section */
		36B61DF124C1F106001EE9E1 /* Project object */ = {
			isa = PBXProject;
			attributes = {
				LastSwiftUpdateCheck = 1150;
				LastUpgradeCheck = 1150;
				ORGANIZATIONNAME = "Ana Thayna Franca";
				TargetAttributes = {
					36B61DF824C1F106001EE9E1 = {
						CreatedOnToolsVersion = 11.5;
					};
					36B61E1124C1F111001EE9E1 = {
						CreatedOnToolsVersion = 11.5;
						TestTargetID = 36B61DF824C1F106001EE9E1;
					};
					36B61E1C24C1F111001EE9E1 = {
						CreatedOnToolsVersion = 11.5;
						TestTargetID = 36B61DF824C1F106001EE9E1;
					};
				};
			};
			buildConfigurationList = 36B61DF424C1F106001EE9E1 /* Build configuration list for PBXProject "leilao" */;
			compatibilityVersion = "Xcode 9.3";
			developmentRegion = en;
			hasScannedForEncodings = 0;
			knownRegions = (
				en,
				Base,
			);
			mainGroup = 36B61DF024C1F106001EE9E1;
			productRefGroup = 36B61DFA24C1F106001EE9E1 /* Products */;
			projectDirPath = "";
			projectRoot = "";
			targets = (
				36B61DF824C1F106001EE9E1 /* leilao */,
				36B61E1124C1F111001EE9E1 /* leilaoTests */,
				36B61E1C24C1F111001EE9E1 /* leilaoUITests */,
			);
		};
/* End PBXProject section */

/* Begin PBXResourcesBuildPhase section */
		36B61DF724C1F106001EE9E1 /* Resources */ = {
			isa = PBXResourcesBuildPhase;
			buildActionMask = 2147483647;
			files = (
				36B61E0C24C1F110001EE9E1 /* LaunchScreen.storyboard in Resources */,
				36B61E0924C1F110001EE9E1 /* Assets.xcassets in Resources */,
				36B61E0424C1F106001EE9E1 /* Main.storyboard in Resources */,
			);
			runOnlyForDeploymentPostprocessing = 0;
		};
		36B61E1024C1F111001EE9E1 /* Resources */ = {
			isa = PBXResourcesBuildPhase;
			buildActionMask = 2147483647;
			files = (
			);
			runOnlyForDeploymentPostprocessing = 0;
		};
		36B61E1B24C1F111001EE9E1 /* Resources */ = {
			isa = PBXResourcesBuildPhase;
			buildActionMask = 2147483647;
			files = (
			);
			runOnlyForDeploymentPostprocessing = 0;
		};
/* End PBXResourcesBuildPhase section */

/* Begin PBXSourcesBuildPhase section */
		36B61DF524C1F106001EE9E1 /* Sources */ = {
			isa = PBXSourcesBuildPhase;
			buildActionMask = 2147483647;
			files = (
				36B61E0124C1F106001EE9E1 /* ViewController.swift in Sources */,
				36B61E0724C1F106001EE9E1 /* leilao.xcdatamodeld in Sources */,
				36B61DFD24C1F106001EE9E1 /* AppDelegate.swift in Sources */,
				36B61E3524C1F176001EE9E1 /* Lance.swift in Sources */,
				36B61E3624C1F176001EE9E1 /* Leilao.swift in Sources */,
				36B61E3724C1F176001EE9E1 /* Avaliador.swift in Sources */,
				36B61E3424C1F176001EE9E1 /* Usuario.swift in Sources */,
				36B61DFF24C1F106001EE9E1 /* SceneDelegate.swift in Sources */,
			);
			runOnlyForDeploymentPostprocessing = 0;
		};
		36B61E0E24C1F111001EE9E1 /* Sources */ = {
			isa = PBXSourcesBuildPhase;
			buildActionMask = 2147483647;
			files = (
				36B61E1724C1F111001EE9E1 /* leilaoTests.swift in Sources */,
			);
			runOnlyForDeploymentPostprocessing = 0;
		};
		36B61E1924C1F111001EE9E1 /* Sources */ = {
			isa = PBXSourcesBuildPhase;
			buildActionMask = 2147483647;
			files = (
				36B61E2224C1F111001EE9E1 /* leilaoUITests.swift in Sources */,
			);
			runOnlyForDeploymentPostprocessing = 0;
		};
/* End PBXSourcesBuildPhase section */

/* Begin PBXTargetDependency section */
		36B61E1424C1F111001EE9E1 /* PBXTargetDependency */ = {
			isa = PBXTargetDependency;
			target = 36B61DF824C1F106001EE9E1 /* leilao */;
			targetProxy = 36B61E1324C1F111001EE9E1 /* PBXContainerItemProxy */;
		};
		36B61E1F24C1F111001EE9E1 /* PBXTargetDependency */ = {
			isa = PBXTargetDependency;
			target = 36B61DF824C1F106001EE9E1 /* leilao */;
			targetProxy = 36B61E1E24C1F111001EE9E1 /* PBXContainerItemProxy */;
		};
/* End PBXTargetDependency section */

/* Begin PBXVariantGroup section */
		36B61E0224C1F106001EE9E1 /* Main.storyboard */ = {
			isa = PBXVariantGroup;
			children = (
				36B61E0324C1F106001EE9E1 /* Base */,
			);
			name = Main.storyboard;
			sourceTree = "<group>";
		};
		36B61E0A24C1F110001EE9E1 /* LaunchScreen.storyboard */ = {
			isa = PBXVariantGroup;
			children = (
				36B61E0B24C1F110001EE9E1 /* Base */,
			);
			name = LaunchScreen.storyboard;
			sourceTree = "<group>";
		};
/* End PBXVariantGroup section */

/* Begin XCBuildConfiguration section */
		36B61E2424C1F111001EE9E1 /* Debug */ = {
			isa = XCBuildConfiguration;
			buildSettings = {
				ALWAYS_SEARCH_USER_PATHS = NO;
				CLANG_ANALYZER_NONNULL = YES;
				CLANG_ANALYZER_NUMBER_OBJECT_CONVERSION = YES_AGGRESSIVE;
				CLANG_CXX_LANGUAGE_STANDARD = "gnu++14";
				CLANG_CXX_LIBRARY = "libc++";
				CLANG_ENABLE_MODULES = YES;
				CLANG_ENABLE_OBJC_ARC = YES;
				CLANG_ENABLE_OBJC_WEAK = YES;
				CLANG_WARN_BLOCK_CAPTURE_AUTORELEASING = YES;
				CLANG_WARN_BOOL_CONVERSION = YES;
				CLANG_WARN_COMMA = YES;
				CLANG_WARN_CONSTANT_CONVERSION = YES;
				CLANG_WARN_DEPRECATED_OBJC_IMPLEMENTATIONS = YES;
				CLANG_WARN_DIRECT_OBJC_ISA_USAGE = YES_ERROR;
				CLANG_WARN_DOCUMENTATION_COMMENTS = YES;
				CLANG_WARN_EMPTY_BODY = YES;
				CLANG_WARN_ENUM_CONVERSION = YES;
				CLANG_WARN_INFINITE_RECURSION = YES;
				CLANG_WARN_INT_CONVERSION = YES;
				CLANG_WARN_NON_LITERAL_NULL_CONVERSION = YES;
				CLANG_WARN_OBJC_IMPLICIT_RETAIN_SELF = YES;
				CLANG_WARN_OBJC_LITERAL_CONVERSION = YES;
				CLANG_WARN_OBJC_ROOT_CLASS = YES_ERROR;
				CLANG_WARN_RANGE_LOOP_ANALYSIS = YES;
				CLANG_WARN_STRICT_PROTOTYPES = YES;
				CLANG_WARN_SUSPICIOUS_MOVE = YES;
				CLANG_WARN_UNGUARDED_AVAILABILITY = YES_AGGRESSIVE;
				CLANG_WARN_UNREACHABLE_CODE = YES;
				CLANG_WARN__DUPLICATE_METHOD_MATCH = YES;
				COPY_PHASE_STRIP = NO;
				DEBUG_INFORMATION_FORMAT = dwarf;
				ENABLE_STRICT_OBJC_MSGSEND = YES;
				ENABLE_TESTABILITY = YES;
				GCC_C_LANGUAGE_STANDARD = gnu11;
				GCC_DYNAMIC_NO_PIC = NO;
				GCC_NO_COMMON_BLOCKS = YES;
				GCC_OPTIMIZATION_LEVEL = 0;
				GCC_PREPROCESSOR_DEFINITIONS = (
					"DEBUG=1",
					"$(inherited)",
				);
				GCC_WARN_64_TO_32_BIT_CONVERSION = YES;
				GCC_WARN_ABOUT_RETURN_TYPE = YES_ERROR;
				GCC_WARN_UNDECLARED_SELECTOR = YES;
				GCC_WARN_UNINITIALIZED_AUTOS = YES_AGGRESSIVE;
				GCC_WARN_UNUSED_FUNCTION = YES;
				GCC_WARN_UNUSED_VARIABLE = YES;
				IPHONEOS_DEPLOYMENT_TARGET = 13.5;
				MTL_ENABLE_DEBUG_INFO = INCLUDE_SOURCE;
				MTL_FAST_MATH = YES;
				ONLY_ACTIVE_ARCH = YES;
				SDKROOT = iphoneos;
				SWIFT_ACTIVE_COMPILATION_CONDITIONS = DEBUG;
				SWIFT_OPTIMIZATION_LEVEL = "-Onone";
			};
			name = Debug;
		};
		36B61E2524C1F111001EE9E1 /* Release */ = {
			isa = XCBuildConfiguration;
			buildSettings = {
				ALWAYS_SEARCH_USER_PATHS = NO;
				CLANG_ANALYZER_NONNULL = YES;
				CLANG_ANALYZER_NUMBER_OBJECT_CONVERSION = YES_AGGRESSIVE;
				CLANG_CXX_LANGUAGE_STANDARD = "gnu++14";
				CLANG_CXX_LIBRARY = "libc++";
				CLANG_ENABLE_MODULES = YES;
				CLANG_ENABLE_OBJC_ARC = YES;
				CLANG_ENABLE_OBJC_WEAK = YES;
				CLANG_WARN_BLOCK_CAPTURE_AUTORELEASING = YES;
				CLANG_WARN_BOOL_CONVERSION = YES;
				CLANG_WARN_COMMA = YES;
				CLANG_WARN_CONSTANT_CONVERSION = YES;
				CLANG_WARN_DEPRECATED_OBJC_IMPLEMENTATIONS = YES;
				CLANG_WARN_DIRECT_OBJC_ISA_USAGE = YES_ERROR;
				CLANG_WARN_DOCUMENTATION_COMMENTS = YES;
				CLANG_WARN_EMPTY_BODY = YES;
				CLANG_WARN_ENUM_CONVERSION = YES;
				CLANG_WARN_INFINITE_RECURSION = YES;
				CLANG_WARN_INT_CONVERSION = YES;
				CLANG_WARN_NON_LITERAL_NULL_CONVERSION = YES;
				CLANG_WARN_OBJC_IMPLICIT_RETAIN_SELF = YES;
				CLANG_WARN_OBJC_LITERAL_CONVERSION = YES;
				CLANG_WARN_OBJC_ROOT_CLASS = YES_ERROR;
				CLANG_WARN_RANGE_LOOP_ANALYSIS = YES;
				CLANG_WARN_STRICT_PROTOTYPES = YES;
				CLANG_WARN_SUSPICIOUS_MOVE = YES;
				CLANG_WARN_UNGUARDED_AVAILABILITY = YES_AGGRESSIVE;
				CLANG_WARN_UNREACHABLE_CODE = YES;
				CLANG_WARN__DUPLICATE_METHOD_MATCH = YES;
				COPY_PHASE_STRIP = NO;
				DEBUG_INFORMATION_FORMAT = "dwarf-with-dsym";
				ENABLE_NS_ASSERTIONS = NO;
				ENABLE_STRICT_OBJC_MSGSEND = YES;
				GCC_C_LANGUAGE_STANDARD = gnu11;
				GCC_NO_COMMON_BLOCKS = YES;
				GCC_WARN_64_TO_32_BIT_CONVERSION = YES;
				GCC_WARN_ABOUT_RETURN_TYPE = YES_ERROR;
				GCC_WARN_UNDECLARED_SELECTOR = YES;
				GCC_WARN_UNINITIALIZED_AUTOS = YES_AGGRESSIVE;
				GCC_WARN_UNUSED_FUNCTION = YES;
				GCC_WARN_UNUSED_VARIABLE = YES;
				IPHONEOS_DEPLOYMENT_TARGET = 13.5;
				MTL_ENABLE_DEBUG_INFO = NO;
				MTL_FAST_MATH = YES;
				SDKROOT = iphoneos;
				SWIFT_COMPILATION_MODE = wholemodule;
				SWIFT_OPTIMIZATION_LEVEL = "-O";
				VALIDATE_PRODUCT = YES;
			};
			name = Release;
		};
		36B61E2724C1F111001EE9E1 /* Debug */ = {
			isa = XCBuildConfiguration;
			buildSettings = {
				ASSETCATALOG_COMPILER_APPICON_NAME = AppIcon;
				CODE_SIGN_STYLE = Automatic;
				INFOPLIST_FILE = leilao/Info.plist;
				LD_RUNPATH_SEARCH_PATHS = (
					"$(inherited)",
					"@executable_path/Frameworks",
				);
				PRODUCT_BUNDLE_IDENTIFIER = com.anathayna.leilao;
				PRODUCT_NAME = "$(TARGET_NAME)";
				SWIFT_VERSION = 5.0;
				TARGETED_DEVICE_FAMILY = "1,2";
			};
			name = Debug;
		};
		36B61E2824C1F111001EE9E1 /* Release */ = {
			isa = XCBuildConfiguration;
			buildSettings = {
				ASSETCATALOG_COMPILER_APPICON_NAME = AppIcon;
				CODE_SIGN_STYLE = Automatic;
				INFOPLIST_FILE = leilao/Info.plist;
				LD_RUNPATH_SEARCH_PATHS = (
					"$(inherited)",
					"@executable_path/Frameworks",
				);
				PRODUCT_BUNDLE_IDENTIFIER = com.anathayna.leilao;
				PRODUCT_NAME = "$(TARGET_NAME)";
				SWIFT_VERSION = 5.0;
				TARGETED_DEVICE_FAMILY = "1,2";
			};
			name = Release;
		};
		36B61E2A24C1F111001EE9E1 /* Debug */ = {
			isa = XCBuildConfiguration;
			buildSettings = {
				ALWAYS_EMBED_SWIFT_STANDARD_LIBRARIES = YES;
				BUNDLE_LOADER = "$(TEST_HOST)";
				CODE_SIGN_STYLE = Automatic;
				INFOPLIST_FILE = leilaoTests/Info.plist;
				IPHONEOS_DEPLOYMENT_TARGET = 13.5;
				LD_RUNPATH_SEARCH_PATHS = (
					"$(inherited)",
					"@executable_path/Frameworks",
					"@loader_path/Frameworks",
				);
				PRODUCT_BUNDLE_IDENTIFIER = com.anathayna.leilaoTests;
				PRODUCT_NAME = "$(TARGET_NAME)";
				SWIFT_VERSION = 5.0;
				TARGETED_DEVICE_FAMILY = "1,2";
				TEST_HOST = "$(BUILT_PRODUCTS_DIR)/leilao.app/leilao";
			};
			name = Debug;
		};
		36B61E2B24C1F111001EE9E1 /* Release */ = {
			isa = XCBuildConfiguration;
			buildSettings = {
				ALWAYS_EMBED_SWIFT_STANDARD_LIBRARIES = YES;
				BUNDLE_LOADER = "$(TEST_HOST)";
				CODE_SIGN_STYLE = Automatic;
				INFOPLIST_FILE = leilaoTests/Info.plist;
				IPHONEOS_DEPLOYMENT_TARGET = 13.5;
				LD_RUNPATH_SEARCH_PATHS = (
					"$(inherited)",
					"@executable_path/Frameworks",
					"@loader_path/Frameworks",
				);
				PRODUCT_BUNDLE_IDENTIFIER = com.anathayna.leilaoTests;
				PRODUCT_NAME = "$(TARGET_NAME)";
				SWIFT_VERSION = 5.0;
				TARGETED_DEVICE_FAMILY = "1,2";
				TEST_HOST = "$(BUILT_PRODUCTS_DIR)/leilao.app/leilao";
			};
			name = Release;
		};
		36B61E2D24C1F111001EE9E1 /* Debug */ = {
			isa = XCBuildConfiguration;
			buildSettings = {
				ALWAYS_EMBED_SWIFT_STANDARD_LIBRARIES = YES;
				CODE_SIGN_STYLE = Automatic;
				INFOPLIST_FILE = leilaoUITests/Info.plist;
				LD_RUNPATH_SEARCH_PATHS = (
					"$(inherited)",
					"@executable_path/Frameworks",
					"@loader_path/Frameworks",
				);
				PRODUCT_BUNDLE_IDENTIFIER = com.anathayna.leilaoUITests;
				PRODUCT_NAME = "$(TARGET_NAME)";
				SWIFT_VERSION = 5.0;
				TARGETED_DEVICE_FAMILY = "1,2";
				TEST_TARGET_NAME = leilao;
			};
			name = Debug;
		};
		36B61E2E24C1F111001EE9E1 /* Release */ = {
			isa = XCBuildConfiguration;
			buildSettings = {
				ALWAYS_EMBED_SWIFT_STANDARD_LIBRARIES = YES;
				CODE_SIGN_STYLE = Automatic;
				INFOPLIST_FILE = leilaoUITests/Info.plist;
				LD_RUNPATH_SEARCH_PATHS = (
					"$(inherited)",
					"@executable_path/Frameworks",
					"@loader_path/Frameworks",
				);
				PRODUCT_BUNDLE_IDENTIFIER = com.anathayna.leilaoUITests;
				PRODUCT_NAME = "$(TARGET_NAME)";
				SWIFT_VERSION = 5.0;
				TARGETED_DEVICE_FAMILY = "1,2";
				TEST_TARGET_NAME = leilao;
			};
			name = Release;
		};
/* End XCBuildConfiguration section */

/* Begin XCConfigurationList section */
		36B61DF424C1F106001EE9E1 /* Build configuration list for PBXProject "leilao" */ = {
			isa = XCConfigurationList;
			buildConfigurations = (
				36B61E2424C1F111001EE9E1 /* Debug */,
				36B61E2524C1F111001EE9E1 /* Release */,
			);
			defaultConfigurationIsVisible = 0;
			defaultConfigurationName = Release;
		};
		36B61E2624C1F111001EE9E1 /* Build configuration list for PBXNativeTarget "leilao" */ = {
			isa = XCConfigurationList;
			buildConfigurations = (
				36B61E2724C1F111001EE9E1 /* Debug */,
				36B61E2824C1F111001EE9E1 /* Release */,
			);
			defaultConfigurationIsVisible = 0;
			defaultConfigurationName = Release;
		};
		36B61E2924C1F111001EE9E1 /* Build configuration list for PBXNativeTarget "leilaoTests" */ = {
			isa = XCConfigurationList;
			buildConfigurations = (
				36B61E2A24C1F111001EE9E1 /* Debug */,
				36B61E2B24C1F111001EE9E1 /* Release */,
			);
			defaultConfigurationIsVisible = 0;
			defaultConfigurationName = Release;
		};
		36B61E2C24C1F111001EE9E1 /* Build configuration list for PBXNativeTarget "leilaoUITests" */ = {
			isa = XCConfigurationList;
			buildConfigurations = (
				36B61E2D24C1F111001EE9E1 /* Debug */,
				36B61E2E24C1F111001EE9E1 /* Release */,
			);
			defaultConfigurationIsVisible = 0;
			defaultConfigurationName = Release;
		};
/* End XCConfigurationList section */

/* Begin XCVersionGroup section */
		36B61E0524C1F106001EE9E1 /* leilao.xcdatamodeld */ = {
			isa = XCVersionGroup;
			children = (
				36B61E0624C1F106001EE9E1 /* leilao.xcdatamodel */,
			);
			currentVersion = 36B61E0624C1F106001EE9E1 /* leilao.xcdatamodel */;
			path = leilao.xcdatamodeld;
			sourceTree = "<group>";
			versionGroupType = wrapper.xcdatamodel;
		};
/* End XCVersionGroup section */
	};
	rootObject = 36B61DF124C1F106001EE9E1 /* Project object */;
}
