// !$*UTF8*$!
{
	archiveVersion = 1;
	classes = {
	};
	objectVersion = 50;
	objects = {

/* Begin PBXBuildFile section */
		361908D62455F48E00696982 /* AppDelegate.swift in Sources */ = {isa = PBXBuildFile; fileRef = 361908D52455F48E00696982 /* AppDelegate.swift */; };
		361908D82455F48E00696982 /* SceneDelegate.swift in Sources */ = {isa = PBXBuildFile; fileRef = 361908D72455F48E00696982 /* SceneDelegate.swift */; };
		361908DA2455F48E00696982 /* ViewController.swift in Sources */ = {isa = PBXBuildFile; fileRef = 361908D92455F48E00696982 /* ViewController.swift */; };
		361908DD2455F48E00696982 /* Main.storyboard in Resources */ = {isa = PBXBuildFile; fileRef = 361908DB2455F48E00696982 /* Main.storyboard */; };
		361908DF2455F49600696982 /* Assets.xcassets in Resources */ = {isa = PBXBuildFile; fileRef = 361908DE2455F49600696982 /* Assets.xcassets */; };
		361908E22455F49600696982 /* LaunchScreen.storyboard in Resources */ = {isa = PBXBuildFile; fileRef = 361908E02455F49600696982 /* LaunchScreen.storyboard */; };
		361908EC2455F5E300696982 /* Story.swift in Sources */ = {isa = PBXBuildFile; fileRef = 361908EB2455F5E300696982 /* Story.swift */; };
		361908EF2455F60700696982 /* StoryBrain.swift in Sources */ = {isa = PBXBuildFile; fileRef = 361908EE2455F60700696982 /* StoryBrain.swift */; };
/* End PBXBuildFile section */

/* Begin PBXFileReference section */
		361908D22455F48E00696982 /* destini.app */ = {isa = PBXFileReference; explicitFileType = wrapper.application; includeInIndex = 0; path = destini.app; sourceTree = BUILT_PRODUCTS_DIR; };
		361908D52455F48E00696982 /* AppDelegate.swift */ = {isa = PBXFileReference; lastKnownFileType = sourcecode.swift; path = AppDelegate.swift; sourceTree = "<group>"; };
		361908D72455F48E00696982 /* SceneDelegate.swift */ = {isa = PBXFileReference; lastKnownFileType = sourcecode.swift; path = SceneDelegate.swift; sourceTree = "<group>"; };
		361908D92455F48E00696982 /* ViewController.swift */ = {isa = PBXFileReference; lastKnownFileType = sourcecode.swift; path = ViewController.swift; sourceTree = "<group>"; };
		361908DC2455F48E00696982 /* Base */ = {isa = PBXFileReference; lastKnownFileType = file.storyboard; name = Base; path = Base.lproj/Main.storyboard; sourceTree = "<group>"; };
		361908DE2455F49600696982 /* Assets.xcassets */ = {isa = PBXFileReference; lastKnownFileType = folder.assetcatalog; path = Assets.xcassets; sourceTree = "<group>"; };
		361908E12455F49600696982 /* Base */ = {isa = PBXFileReference; lastKnownFileType = file.storyboard; name = Base; path = Base.lproj/LaunchScreen.storyboard; sourceTree = "<group>"; };
		361908E32455F49600696982 /* Info.plist */ = {isa = PBXFileReference; lastKnownFileType = text.plist.xml; path = Info.plist; sourceTree = "<group>"; };
		361908EB2455F5E300696982 /* Story.swift */ = {isa = PBXFileReference; lastKnownFileType = sourcecode.swift; path = Story.swift; sourceTree = "<group>"; };
		361908EE2455F60700696982 /* StoryBrain.swift */ = {isa = PBXFileReference; lastKnownFileType = sourcecode.swift; path = StoryBrain.swift; sourceTree = "<group>"; };
/* End PBXFileReference section */

/* Begin PBXFrameworksBuildPhase section */
		361908CF2455F48E00696982 /* Frameworks */ = {
			isa = PBXFrameworksBuildPhase;
			buildActionMask = 2147483647;
			files = (
			);
			runOnlyForDeploymentPostprocessing = 0;
		};
/* End PBXFrameworksBuildPhase section */

/* Begin PBXGroup section */
		361908C92455F48D00696982 = {
			isa = PBXGroup;
			children = (
				361908D42455F48E00696982 /* destini */,
				361908D32455F48E00696982 /* Products */,
			);
			sourceTree = "<group>";
		};
		361908D32455F48E00696982 /* Products */ = {
			isa = PBXGroup;
			children = (
				361908D22455F48E00696982 /* destini.app */,
			);
			name = Products;
			sourceTree = "<group>";
		};
		361908D42455F48E00696982 /* destini */ = {
			isa = PBXGroup;
			children = (
				361908D52455F48E00696982 /* AppDelegate.swift */,
				361908D72455F48E00696982 /* SceneDelegate.swift */,
				361908ED2455F5E800696982 /* Model */,
				361908E92455F57100696982 /* View */,
				361908EA2455F57D00696982 /* Controller */,
				361908DE2455F49600696982 /* Assets.xcassets */,
				361908E02455F49600696982 /* LaunchScreen.storyboard */,
				361908E32455F49600696982 /* Info.plist */,
			);
			path = destini;
			sourceTree = "<group>";
		};
		361908E92455F57100696982 /* View */ = {
			isa = PBXGroup;
			children = (
				361908DB2455F48E00696982 /* Main.storyboard */,
			);
			path = View;
			sourceTree = "<group>";
		};
		361908EA2455F57D00696982 /* Controller */ = {
			isa = PBXGroup;
			children = (
				361908D92455F48E00696982 /* ViewController.swift */,
			);
			path = Controller;
			sourceTree = "<group>";
		};
		361908ED2455F5E800696982 /* Model */ = {
			isa = PBXGroup;
			children = (
				361908EB2455F5E300696982 /* Story.swift */,
				361908EE2455F60700696982 /* StoryBrain.swift */,
			);
			path = Model;
			sourceTree = "<group>";
		};
/* End PBXGroup section */

/* Begin PBXNativeTarget section */
		361908D12455F48E00696982 /* destini */ = {
			isa = PBXNativeTarget;
			buildConfigurationList = 361908E62455F49600696982 /* Build configuration list for PBXNativeTarget "destini" */;
			buildPhases = (
				361908CE2455F48E00696982 /* Sources */,
				361908CF2455F48E00696982 /* Frameworks */,
				361908D02455F48E00696982 /* Resources */,
			);
			buildRules = (
			);
			dependencies = (
			);
			name = destini;
			productName = destini;
			productReference = 361908D22455F48E00696982 /* destini.app */;
			productType = "com.apple.product-type.application";
		};
/* End PBXNativeTarget section */

/* Begin PBXProject section */
		361908CA2455F48D00696982 /* Project object */ = {
			isa = PBXProject;
			attributes = {
				LastSwiftUpdateCheck = 1140;
				LastUpgradeCheck = 1140;
				ORGANIZATIONNAME = "Ana Thayna Franca";
				TargetAttributes = {
					361908D12455F48E00696982 = {
						CreatedOnToolsVersion = 11.4.1;
					};
				};
			};
			buildConfigurationList = 361908CD2455F48D00696982 /* Build configuration list for PBXProject "destini" */;
			compatibilityVersion = "Xcode 9.3";
			developmentRegion = en;
			hasScannedForEncodings = 0;
			knownRegions = (
				en,
				Base,
			);
			mainGroup = 361908C92455F48D00696982;
			productRefGroup = 361908D32455F48E00696982 /* Products */;
			projectDirPath = "";
			projectRoot = "";
			targets = (
				361908D12455F48E00696982 /* destini */,
			);
		};
/* End PBXProject section */

/* Begin PBXResourcesBuildPhase section */
		361908D02455F48E00696982 /* Resources */ = {
			isa = PBXResourcesBuildPhase;
			buildActionMask = 2147483647;
			files = (
				361908E22455F49600696982 /* LaunchScreen.storyboard in Resources */,
				361908DF2455F49600696982 /* Assets.xcassets in Resources */,
				361908DD2455F48E00696982 /* Main.storyboard in Resources */,
			);
			runOnlyForDeploymentPostprocessing = 0;
		};
/* End PBXResourcesBuildPhase section */

/* Begin PBXSourcesBuildPhase section */
		361908CE2455F48E00696982 /* Sources */ = {
			isa = PBXSourcesBuildPhase;
			buildActionMask = 2147483647;
			files = (
				361908EF2455F60700696982 /* StoryBrain.swift in Sources */,
				361908DA2455F48E00696982 /* ViewController.swift in Sources */,
				361908D62455F48E00696982 /* AppDelegate.swift in Sources */,
				361908D82455F48E00696982 /* SceneDelegate.swift in Sources */,
				361908EC2455F5E300696982 /* Story.swift in Sources */,
			);
			runOnlyForDeploymentPostprocessing = 0;
		};
/* End PBXSourcesBuildPhase section */

/* Begin PBXVariantGroup section */
		361908DB2455F48E00696982 /* Main.storyboard */ = {
			isa = PBXVariantGroup;
			children = (
				361908DC2455F48E00696982 /* Base */,
			);
			name = Main.storyboard;
			sourceTree = "<group>";
		};
		361908E02455F49600696982 /* LaunchScreen.storyboard */ = {
			isa = PBXVariantGroup;
			children = (
				361908E12455F49600696982 /* Base */,
			);
			name = LaunchScreen.storyboard;
			sourceTree = "<group>";
		};
/* End PBXVariantGroup section */

/* Begin XCBuildConfiguration section */
		361908E42455F49600696982 /* Debug */ = {
			isa = XCBuildConfiguration;
			buildSettings = {
				ALWAYS_SEARCH_USER_PATHS = NO;
				CLANG_ANALYZER_NONNULL = YES;
				CLANG_ANALYZER_NUMBER_OBJECT_CONVERSION = YES_AGGRESSIVE;
				CLANG_CXX_LANGUAGE_STANDARD = "gnu++14";
				CLANG_CXX_LIBRARY = "libc++";
				CLANG_ENABLE_MODULES = YES;
				CLANG_ENABLE_OBJC_ARC = YES;
				CLANG_ENABLE_OBJC_WEAK = YES;
				CLANG_WARN_BLOCK_CAPTURE_AUTORELEASING = YES;
				CLANG_WARN_BOOL_CONVERSION = YES;
				CLANG_WARN_COMMA = YES;
				CLANG_WARN_CONSTANT_CONVERSION = YES;
				CLANG_WARN_DEPRECATED_OBJC_IMPLEMENTATIONS = YES;
				CLANG_WARN_DIRECT_OBJC_ISA_USAGE = YES_ERROR;
				CLANG_WARN_DOCUMENTATION_COMMENTS = YES;
				CLANG_WARN_EMPTY_BODY = YES;
				CLANG_WARN_ENUM_CONVERSION = YES;
				CLANG_WARN_INFINITE_RECURSION = YES;
				CLANG_WARN_INT_CONVERSION = YES;
				CLANG_WARN_NON_LITERAL_NULL_CONVERSION = YES;
				CLANG_WARN_OBJC_IMPLICIT_RETAIN_SELF = YES;
				CLANG_WARN_OBJC_LITERAL_CONVERSION = YES;
				CLANG_WARN_OBJC_ROOT_CLASS = YES_ERROR;
				CLANG_WARN_RANGE_LOOP_ANALYSIS = YES;
				CLANG_WARN_STRICT_PROTOTYPES = YES;
				CLANG_WARN_SUSPICIOUS_MOVE = YES;
				CLANG_WARN_UNGUARDED_AVAILABILITY = YES_AGGRESSIVE;
				CLANG_WARN_UNREACHABLE_CODE = YES;
				CLANG_WARN__DUPLICATE_METHOD_MATCH = YES;
				COPY_PHASE_STRIP = NO;
				DEBUG_INFORMATION_FORMAT = dwarf;
				ENABLE_STRICT_OBJC_MSGSEND = YES;
				ENABLE_TESTABILITY = YES;
				GCC_C_LANGUAGE_STANDARD = gnu11;
				GCC_DYNAMIC_NO_PIC = NO;
				GCC_NO_COMMON_BLOCKS = YES;
				GCC_OPTIMIZATION_LEVEL = 0;
				GCC_PREPROCESSOR_DEFINITIONS = (
					"DEBUG=1",
					"$(inherited)",
				);
				GCC_WARN_64_TO_32_BIT_CONVERSION = YES;
				GCC_WARN_ABOUT_RETURN_TYPE = YES_ERROR;
				GCC_WARN_UNDECLARED_SELECTOR = YES;
				GCC_WARN_UNINITIALIZED_AUTOS = YES_AGGRESSIVE;
				GCC_WARN_UNUSED_FUNCTION = YES;
				GCC_WARN_UNUSED_VARIABLE = YES;
				IPHONEOS_DEPLOYMENT_TARGET = 13.4;
				MTL_ENABLE_DEBUG_INFO = INCLUDE_SOURCE;
				MTL_FAST_MATH = YES;
				ONLY_ACTIVE_ARCH = YES;
				SDKROOT = iphoneos;
				SWIFT_ACTIVE_COMPILATION_CONDITIONS = DEBUG;
				SWIFT_OPTIMIZATION_LEVEL = "-Onone";
			};
			name = Debug;
		};
		361908E52455F49600696982 /* Release */ = {
			isa = XCBuildConfiguration;
			buildSettings = {
				ALWAYS_SEARCH_USER_PATHS = NO;
				CLANG_ANALYZER_NONNULL = YES;
				CLANG_ANALYZER_NUMBER_OBJECT_CONVERSION = YES_AGGRESSIVE;
				CLANG_CXX_LANGUAGE_STANDARD = "gnu++14";
				CLANG_CXX_LIBRARY = "libc++";
				CLANG_ENABLE_MODULES = YES;
				CLANG_ENABLE_OBJC_ARC = YES;
				CLANG_ENABLE_OBJC_WEAK = YES;
				CLANG_WARN_BLOCK_CAPTURE_AUTORELEASING = YES;
				CLANG_WARN_BOOL_CONVERSION = YES;
				CLANG_WARN_COMMA = YES;
				CLANG_WARN_CONSTANT_CONVERSION = YES;
				CLANG_WARN_DEPRECATED_OBJC_IMPLEMENTATIONS = YES;
				CLANG_WARN_DIRECT_OBJC_ISA_USAGE = YES_ERROR;
				CLANG_WARN_DOCUMENTATION_COMMENTS = YES;
				CLANG_WARN_EMPTY_BODY = YES;
				CLANG_WARN_ENUM_CONVERSION = YES;
				CLANG_WARN_INFINITE_RECURSION = YES;
				CLANG_WARN_INT_CONVERSION = YES;
				CLANG_WARN_NON_LITERAL_NULL_CONVERSION = YES;
				CLANG_WARN_OBJC_IMPLICIT_RETAIN_SELF = YES;
				CLANG_WARN_OBJC_LITERAL_CONVERSION = YES;
				CLANG_WARN_OBJC_ROOT_CLASS = YES_ERROR;
				CLANG_WARN_RANGE_LOOP_ANALYSIS = YES;
				CLANG_WARN_STRICT_PROTOTYPES = YES;
				CLANG_WARN_SUSPICIOUS_MOVE = YES;
				CLANG_WARN_UNGUARDED_AVAILABILITY = YES_AGGRESSIVE;
				CLANG_WARN_UNREACHABLE_CODE = YES;
				CLANG_WARN__DUPLICATE_METHOD_MATCH = YES;
				COPY_PHASE_STRIP = NO;
				DEBUG_INFORMATION_FORMAT = "dwarf-with-dsym";
				ENABLE_NS_ASSERTIONS = NO;
				ENABLE_STRICT_OBJC_MSGSEND = YES;
				GCC_C_LANGUAGE_STANDARD = gnu11;
				GCC_NO_COMMON_BLOCKS = YES;
				GCC_WARN_64_TO_32_BIT_CONVERSION = YES;
				GCC_WARN_ABOUT_RETURN_TYPE = YES_ERROR;
				GCC_WARN_UNDECLARED_SELECTOR = YES;
				GCC_WARN_UNINITIALIZED_AUTOS = YES_AGGRESSIVE;
				GCC_WARN_UNUSED_FUNCTION = YES;
				GCC_WARN_UNUSED_VARIABLE = YES;
				IPHONEOS_DEPLOYMENT_TARGET = 13.4;
				MTL_ENABLE_DEBUG_INFO = NO;
				MTL_FAST_MATH = YES;
				SDKROOT = iphoneos;
				SWIFT_COMPILATION_MODE = wholemodule;
				SWIFT_OPTIMIZATION_LEVEL = "-O";
				VALIDATE_PRODUCT = YES;
			};
			name = Release;
		};
		361908E72455F49600696982 /* Debug */ = {
			isa = XCBuildConfiguration;
			buildSettings = {
				ASSETCATALOG_COMPILER_APPICON_NAME = AppIcon;
				CODE_SIGN_STYLE = Automatic;
				INFOPLIST_FILE = destini/Info.plist;
				LD_RUNPATH_SEARCH_PATHS = (
					"$(inherited)",
					"@executable_path/Frameworks",
				);
				PRODUCT_BUNDLE_IDENTIFIER = com.anathayna.destini;
				PRODUCT_NAME = "$(TARGET_NAME)";
				SWIFT_VERSION = 5.0;
				TARGETED_DEVICE_FAMILY = "1,2";
			};
			name = Debug;
		};
		361908E82455F49600696982 /* Release */ = {
			isa = XCBuildConfiguration;
			buildSettings = {
				ASSETCATALOG_COMPILER_APPICON_NAME = AppIcon;
				CODE_SIGN_STYLE = Automatic;
				INFOPLIST_FILE = destini/Info.plist;
				LD_RUNPATH_SEARCH_PATHS = (
					"$(inherited)",
					"@executable_path/Frameworks",
				);
				PRODUCT_BUNDLE_IDENTIFIER = com.anathayna.destini;
				PRODUCT_NAME = "$(TARGET_NAME)";
				SWIFT_VERSION = 5.0;
				TARGETED_DEVICE_FAMILY = "1,2";
			};
			name = Release;
		};
/* End XCBuildConfiguration section */

/* Begin XCConfigurationList section */
		361908CD2455F48D00696982 /* Build configuration list for PBXProject "destini" */ = {
			isa = XCConfigurationList;
			buildConfigurations = (
				361908E42455F49600696982 /* Debug */,
				361908E52455F49600696982 /* Release */,
			);
			defaultConfigurationIsVisible = 0;
			defaultConfigurationName = Release;
		};
		361908E62455F49600696982 /* Build configuration list for PBXNativeTarget "destini" */ = {
			isa = XCConfigurationList;
			buildConfigurations = (
				361908E72455F49600696982 /* Debug */,
				361908E82455F49600696982 /* Release */,
			);
			defaultConfigurationIsVisible = 0;
			defaultConfigurationName = Release;
		};
/* End XCConfigurationList section */
	};
	rootObject = 361908CA2455F48D00696982 /* Project object */;
}
