// !$*UTF8*$!
{
	archiveVersion = 1;
	classes = {
	};
	objectVersion = 50;
	objects = {

/* Begin PBXBuildFile section */
		366012252482D50D009C4B69 /* AppDelegate.swift in Sources */ = {isa = PBXBuildFile; fileRef = 366012242482D50D009C4B69 /* AppDelegate.swift */; };
		366012272482D50D009C4B69 /* SceneDelegate.swift in Sources */ = {isa = PBXBuildFile; fileRef = 366012262482D50D009C4B69 /* SceneDelegate.swift */; };
		366012292482D50D009C4B69 /* ViewController1.swift in Sources */ = {isa = PBXBuildFile; fileRef = 366012282482D50D009C4B69 /* ViewController1.swift */; };
		3660122C2482D50D009C4B69 /* Main.storyboard in Resources */ = {isa = PBXBuildFile; fileRef = 3660122A2482D50D009C4B69 /* Main.storyboard */; };
		3660122E2482D517009C4B69 /* Assets.xcassets in Resources */ = {isa = PBXBuildFile; fileRef = 3660122D2482D517009C4B69 /* Assets.xcassets */; };
		366012312482D517009C4B69 /* LaunchScreen.storyboard in Resources */ = {isa = PBXBuildFile; fileRef = 3660122F2482D517009C4B69 /* LaunchScreen.storyboard */; };
		366012392482D605009C4B69 /* ViewController2.swift in Sources */ = {isa = PBXBuildFile; fileRef = 366012382482D605009C4B69 /* ViewController2.swift */; };
/* End PBXBuildFile section */

/* Begin PBXFileReference section */
		366012212482D50D009C4B69 /* view controller lifecycle.app */ = {isa = PBXFileReference; explicitFileType = wrapper.application; includeInIndex = 0; path = "view controller lifecycle.app"; sourceTree = BUILT_PRODUCTS_DIR; };
		366012242482D50D009C4B69 /* AppDelegate.swift */ = {isa = PBXFileReference; lastKnownFileType = sourcecode.swift; path = AppDelegate.swift; sourceTree = "<group>"; };
		366012262482D50D009C4B69 /* SceneDelegate.swift */ = {isa = PBXFileReference; lastKnownFileType = sourcecode.swift; path = SceneDelegate.swift; sourceTree = "<group>"; };
		366012282482D50D009C4B69 /* ViewController1.swift */ = {isa = PBXFileReference; lastKnownFileType = sourcecode.swift; path = ViewController1.swift; sourceTree = "<group>"; };
		3660122B2482D50D009C4B69 /* Base */ = {isa = PBXFileReference; lastKnownFileType = file.storyboard; name = Base; path = Base.lproj/Main.storyboard; sourceTree = "<group>"; };
		3660122D2482D517009C4B69 /* Assets.xcassets */ = {isa = PBXFileReference; lastKnownFileType = folder.assetcatalog; path = Assets.xcassets; sourceTree = "<group>"; };
		366012302482D517009C4B69 /* Base */ = {isa = PBXFileReference; lastKnownFileType = file.storyboard; name = Base; path = Base.lproj/LaunchScreen.storyboard; sourceTree = "<group>"; };
		366012322482D517009C4B69 /* Info.plist */ = {isa = PBXFileReference; lastKnownFileType = text.plist.xml; path = Info.plist; sourceTree = "<group>"; };
		366012382482D605009C4B69 /* ViewController2.swift */ = {isa = PBXFileReference; fileEncoding = 4; lastKnownFileType = sourcecode.swift; path = ViewController2.swift; sourceTree = "<group>"; };
/* End PBXFileReference section */

/* Begin PBXFrameworksBuildPhase section */
		3660121E2482D50D009C4B69 /* Frameworks */ = {
			isa = PBXFrameworksBuildPhase;
			buildActionMask = 2147483647;
			files = (
			);
			runOnlyForDeploymentPostprocessing = 0;
		};
/* End PBXFrameworksBuildPhase section */

/* Begin PBXGroup section */
		366012182482D50D009C4B69 = {
			isa = PBXGroup;
			children = (
				366012232482D50D009C4B69 /* view controller lifecycle */,
				366012222482D50D009C4B69 /* Products */,
			);
			sourceTree = "<group>";
		};
		366012222482D50D009C4B69 /* Products */ = {
			isa = PBXGroup;
			children = (
				366012212482D50D009C4B69 /* view controller lifecycle.app */,
			);
			name = Products;
			sourceTree = "<group>";
		};
		366012232482D50D009C4B69 /* view controller lifecycle */ = {
			isa = PBXGroup;
			children = (
				366012242482D50D009C4B69 /* AppDelegate.swift */,
				366012262482D50D009C4B69 /* SceneDelegate.swift */,
				366012282482D50D009C4B69 /* ViewController1.swift */,
				366012382482D605009C4B69 /* ViewController2.swift */,
				3660122A2482D50D009C4B69 /* Main.storyboard */,
				3660122D2482D517009C4B69 /* Assets.xcassets */,
				3660122F2482D517009C4B69 /* LaunchScreen.storyboard */,
				366012322482D517009C4B69 /* Info.plist */,
			);
			path = "view controller lifecycle";
			sourceTree = "<group>";
		};
/* End PBXGroup section */

/* Begin PBXNativeTarget section */
		366012202482D50D009C4B69 /* view controller lifecycle */ = {
			isa = PBXNativeTarget;
			buildConfigurationList = 366012352482D517009C4B69 /* Build configuration list for PBXNativeTarget "view controller lifecycle" */;
			buildPhases = (
				3660121D2482D50D009C4B69 /* Sources */,
				3660121E2482D50D009C4B69 /* Frameworks */,
				3660121F2482D50D009C4B69 /* Resources */,
			);
			buildRules = (
			);
			dependencies = (
			);
			name = "view controller lifecycle";
			productName = "view controller lifecycle";
			productReference = 366012212482D50D009C4B69 /* view controller lifecycle.app */;
			productType = "com.apple.product-type.application";
		};
/* End PBXNativeTarget section */

/* Begin PBXProject section */
		366012192482D50D009C4B69 /* Project object */ = {
			isa = PBXProject;
			attributes = {
				LastSwiftUpdateCheck = 1140;
				LastUpgradeCheck = 1140;
				ORGANIZATIONNAME = "Ana Thayna Franca";
				TargetAttributes = {
					366012202482D50D009C4B69 = {
						CreatedOnToolsVersion = 11.4.1;
					};
				};
			};
			buildConfigurationList = 3660121C2482D50D009C4B69 /* Build configuration list for PBXProject "view controller lifecycle" */;
			compatibilityVersion = "Xcode 9.3";
			developmentRegion = en;
			hasScannedForEncodings = 0;
			knownRegions = (
				en,
				Base,
			);
			mainGroup = 366012182482D50D009C4B69;
			productRefGroup = 366012222482D50D009C4B69 /* Products */;
			projectDirPath = "";
			projectRoot = "";
			targets = (
				366012202482D50D009C4B69 /* view controller lifecycle */,
			);
		};
/* End PBXProject section */

/* Begin PBXResourcesBuildPhase section */
		3660121F2482D50D009C4B69 /* Resources */ = {
			isa = PBXResourcesBuildPhase;
			buildActionMask = 2147483647;
			files = (
				366012312482D517009C4B69 /* LaunchScreen.storyboard in Resources */,
				3660122E2482D517009C4B69 /* Assets.xcassets in Resources */,
				3660122C2482D50D009C4B69 /* Main.storyboard in Resources */,
			);
			runOnlyForDeploymentPostprocessing = 0;
		};
/* End PBXResourcesBuildPhase section */

/* Begin PBXSourcesBuildPhase section */
		3660121D2482D50D009C4B69 /* Sources */ = {
			isa = PBXSourcesBuildPhase;
			buildActionMask = 2147483647;
			files = (
				366012292482D50D009C4B69 /* ViewController1.swift in Sources */,
				366012392482D605009C4B69 /* ViewController2.swift in Sources */,
				366012252482D50D009C4B69 /* AppDelegate.swift in Sources */,
				366012272482D50D009C4B69 /* SceneDelegate.swift in Sources */,
			);
			runOnlyForDeploymentPostprocessing = 0;
		};
/* End PBXSourcesBuildPhase section */

/* Begin PBXVariantGroup section */
		3660122A2482D50D009C4B69 /* Main.storyboard */ = {
			isa = PBXVariantGroup;
			children = (
				3660122B2482D50D009C4B69 /* Base */,
			);
			name = Main.storyboard;
			sourceTree = "<group>";
		};
		3660122F2482D517009C4B69 /* LaunchScreen.storyboard */ = {
			isa = PBXVariantGroup;
			children = (
				366012302482D517009C4B69 /* Base */,
			);
			name = LaunchScreen.storyboard;
			sourceTree = "<group>";
		};
/* End PBXVariantGroup section */

/* Begin XCBuildConfiguration section */
		366012332482D517009C4B69 /* Debug */ = {
			isa = XCBuildConfiguration;
			buildSettings = {
				ALWAYS_SEARCH_USER_PATHS = NO;
				CLANG_ANALYZER_NONNULL = YES;
				CLANG_ANALYZER_NUMBER_OBJECT_CONVERSION = YES_AGGRESSIVE;
				CLANG_CXX_LANGUAGE_STANDARD = "gnu++14";
				CLANG_CXX_LIBRARY = "libc++";
				CLANG_ENABLE_MODULES = YES;
				CLANG_ENABLE_OBJC_ARC = YES;
				CLANG_ENABLE_OBJC_WEAK = YES;
				CLANG_WARN_BLOCK_CAPTURE_AUTORELEASING = YES;
				CLANG_WARN_BOOL_CONVERSION = YES;
				CLANG_WARN_COMMA = YES;
				CLANG_WARN_CONSTANT_CONVERSION = YES;
				CLANG_WARN_DEPRECATED_OBJC_IMPLEMENTATIONS = YES;
				CLANG_WARN_DIRECT_OBJC_ISA_USAGE = YES_ERROR;
				CLANG_WARN_DOCUMENTATION_COMMENTS = YES;
				CLANG_WARN_EMPTY_BODY = YES;
				CLANG_WARN_ENUM_CONVERSION = YES;
				CLANG_WARN_INFINITE_RECURSION = YES;
				CLANG_WARN_INT_CONVERSION = YES;
				CLANG_WARN_NON_LITERAL_NULL_CONVERSION = YES;
				CLANG_WARN_OBJC_IMPLICIT_RETAIN_SELF = YES;
				CLANG_WARN_OBJC_LITERAL_CONVERSION = YES;
				CLANG_WARN_OBJC_ROOT_CLASS = YES_ERROR;
				CLANG_WARN_RANGE_LOOP_ANALYSIS = YES;
				CLANG_WARN_STRICT_PROTOTYPES = YES;
				CLANG_WARN_SUSPICIOUS_MOVE = YES;
				CLANG_WARN_UNGUARDED_AVAILABILITY = YES_AGGRESSIVE;
				CLANG_WARN_UNREACHABLE_CODE = YES;
				CLANG_WARN__DUPLICATE_METHOD_MATCH = YES;
				COPY_PHASE_STRIP = NO;
				DEBUG_INFORMATION_FORMAT = dwarf;
				ENABLE_STRICT_OBJC_MSGSEND = YES;
				ENABLE_TESTABILITY = YES;
				GCC_C_LANGUAGE_STANDARD = gnu11;
				GCC_DYNAMIC_NO_PIC = NO;
				GCC_NO_COMMON_BLOCKS = YES;
				GCC_OPTIMIZATION_LEVEL = 0;
				GCC_PREPROCESSOR_DEFINITIONS = (
					"DEBUG=1",
					"$(inherited)",
				);
				GCC_WARN_64_TO_32_BIT_CONVERSION = YES;
				GCC_WARN_ABOUT_RETURN_TYPE = YES_ERROR;
				GCC_WARN_UNDECLARED_SELECTOR = YES;
				GCC_WARN_UNINITIALIZED_AUTOS = YES_AGGRESSIVE;
				GCC_WARN_UNUSED_FUNCTION = YES;
				GCC_WARN_UNUSED_VARIABLE = YES;
				IPHONEOS_DEPLOYMENT_TARGET = 13.4;
				MTL_ENABLE_DEBUG_INFO = INCLUDE_SOURCE;
				MTL_FAST_MATH = YES;
				ONLY_ACTIVE_ARCH = YES;
				SDKROOT = iphoneos;
				SWIFT_ACTIVE_COMPILATION_CONDITIONS = DEBUG;
				SWIFT_OPTIMIZATION_LEVEL = "-Onone";
			};
			name = Debug;
		};
		366012342482D517009C4B69 /* Release */ = {
			isa = XCBuildConfiguration;
			buildSettings = {
				ALWAYS_SEARCH_USER_PATHS = NO;
				CLANG_ANALYZER_NONNULL = YES;
				CLANG_ANALYZER_NUMBER_OBJECT_CONVERSION = YES_AGGRESSIVE;
				CLANG_CXX_LANGUAGE_STANDARD = "gnu++14";
				CLANG_CXX_LIBRARY = "libc++";
				CLANG_ENABLE_MODULES = YES;
				CLANG_ENABLE_OBJC_ARC = YES;
				CLANG_ENABLE_OBJC_WEAK = YES;
				CLANG_WARN_BLOCK_CAPTURE_AUTORELEASING = YES;
				CLANG_WARN_BOOL_CONVERSION = YES;
				CLANG_WARN_COMMA = YES;
				CLANG_WARN_CONSTANT_CONVERSION = YES;
				CLANG_WARN_DEPRECATED_OBJC_IMPLEMENTATIONS = YES;
				CLANG_WARN_DIRECT_OBJC_ISA_USAGE = YES_ERROR;
				CLANG_WARN_DOCUMENTATION_COMMENTS = YES;
				CLANG_WARN_EMPTY_BODY = YES;
				CLANG_WARN_ENUM_CONVERSION = YES;
				CLANG_WARN_INFINITE_RECURSION = YES;
				CLANG_WARN_INT_CONVERSION = YES;
				CLANG_WARN_NON_LITERAL_NULL_CONVERSION = YES;
				CLANG_WARN_OBJC_IMPLICIT_RETAIN_SELF = YES;
				CLANG_WARN_OBJC_LITERAL_CONVERSION = YES;
				CLANG_WARN_OBJC_ROOT_CLASS = YES_ERROR;
				CLANG_WARN_RANGE_LOOP_ANALYSIS = YES;
				CLANG_WARN_STRICT_PROTOTYPES = YES;
				CLANG_WARN_SUSPICIOUS_MOVE = YES;
				CLANG_WARN_UNGUARDED_AVAILABILITY = YES_AGGRESSIVE;
				CLANG_WARN_UNREACHABLE_CODE = YES;
				CLANG_WARN__DUPLICATE_METHOD_MATCH = YES;
				COPY_PHASE_STRIP = NO;
				DEBUG_INFORMATION_FORMAT = "dwarf-with-dsym";
				ENABLE_NS_ASSERTIONS = NO;
				ENABLE_STRICT_OBJC_MSGSEND = YES;
				GCC_C_LANGUAGE_STANDARD = gnu11;
				GCC_NO_COMMON_BLOCKS = YES;
				GCC_WARN_64_TO_32_BIT_CONVERSION = YES;
				GCC_WARN_ABOUT_RETURN_TYPE = YES_ERROR;
				GCC_WARN_UNDECLARED_SELECTOR = YES;
				GCC_WARN_UNINITIALIZED_AUTOS = YES_AGGRESSIVE;
				GCC_WARN_UNUSED_FUNCTION = YES;
				GCC_WARN_UNUSED_VARIABLE = YES;
				IPHONEOS_DEPLOYMENT_TARGET = 13.4;
				MTL_ENABLE_DEBUG_INFO = NO;
				MTL_FAST_MATH = YES;
				SDKROOT = iphoneos;
				SWIFT_COMPILATION_MODE = wholemodule;
				SWIFT_OPTIMIZATION_LEVEL = "-O";
				VALIDATE_PRODUCT = YES;
			};
			name = Release;
		};
		366012362482D517009C4B69 /* Debug */ = {
			isa = XCBuildConfiguration;
			buildSettings = {
				ASSETCATALOG_COMPILER_APPICON_NAME = AppIcon;
				CODE_SIGN_STYLE = Automatic;
				INFOPLIST_FILE = "view controller lifecycle/Info.plist";
				LD_RUNPATH_SEARCH_PATHS = (
					"$(inherited)",
					"@executable_path/Frameworks",
				);
				PRODUCT_BUNDLE_IDENTIFIER = "com.anathayna.view-controller-lifecycle";
				PRODUCT_NAME = "$(TARGET_NAME)";
				SWIFT_VERSION = 5.0;
				TARGETED_DEVICE_FAMILY = "1,2";
			};
			name = Debug;
		};
		366012372482D517009C4B69 /* Release */ = {
			isa = XCBuildConfiguration;
			buildSettings = {
				ASSETCATALOG_COMPILER_APPICON_NAME = AppIcon;
				CODE_SIGN_STYLE = Automatic;
				INFOPLIST_FILE = "view controller lifecycle/Info.plist";
				LD_RUNPATH_SEARCH_PATHS = (
					"$(inherited)",
					"@executable_path/Frameworks",
				);
				PRODUCT_BUNDLE_IDENTIFIER = "com.anathayna.view-controller-lifecycle";
				PRODUCT_NAME = "$(TARGET_NAME)";
				SWIFT_VERSION = 5.0;
				TARGETED_DEVICE_FAMILY = "1,2";
			};
			name = Release;
		};
/* End XCBuildConfiguration section */

/* Begin XCConfigurationList section */
		3660121C2482D50D009C4B69 /* Build configuration list for PBXProject "view controller lifecycle" */ = {
			isa = XCConfigurationList;
			buildConfigurations = (
				366012332482D517009C4B69 /* Debug */,
				366012342482D517009C4B69 /* Release */,
			);
			defaultConfigurationIsVisible = 0;
			defaultConfigurationName = Release;
		};
		366012352482D517009C4B69 /* Build configuration list for PBXNativeTarget "view controller lifecycle" */ = {
			isa = XCConfigurationList;
			buildConfigurations = (
				366012362482D517009C4B69 /* Debug */,
				366012372482D517009C4B69 /* Release */,
			);
			defaultConfigurationIsVisible = 0;
			defaultConfigurationName = Release;
		};
/* End XCConfigurationList section */
	};
	rootObject = 366012192482D50D009C4B69 /* Project object */;
}
