// !$*UTF8*$!
{
	archiveVersion = 1;
	classes = {
	};
	objectVersion = 50;
	objects = {

/* Begin PBXBuildFile section */
		363D92DC24646387005276AB /* AppDelegate.swift in Sources */ = {isa = PBXBuildFile; fileRef = 363D92DB24646387005276AB /* AppDelegate.swift */; };
		363D92DE24646387005276AB /* SceneDelegate.swift in Sources */ = {isa = PBXBuildFile; fileRef = 363D92DD24646387005276AB /* SceneDelegate.swift */; };
		363D92E024646387005276AB /* WeatherViewController.swift in Sources */ = {isa = PBXBuildFile; fileRef = 363D92DF24646387005276AB /* WeatherViewController.swift */; };
		363D92E324646387005276AB /* Main.storyboard in Resources */ = {isa = PBXBuildFile; fileRef = 363D92E124646387005276AB /* Main.storyboard */; };
		363D92E524646391005276AB /* Assets.xcassets in Resources */ = {isa = PBXBuildFile; fileRef = 363D92E424646391005276AB /* Assets.xcassets */; };
		363D92E824646391005276AB /* LaunchScreen.storyboard in Resources */ = {isa = PBXBuildFile; fileRef = 363D92E624646391005276AB /* LaunchScreen.storyboard */; };
		363D92F124646499005276AB /* light_background.pdf in Resources */ = {isa = PBXBuildFile; fileRef = 363D92EF24646498005276AB /* light_background.pdf */; };
		363D92F224646499005276AB /* dark_background.pdf in Resources */ = {isa = PBXBuildFile; fileRef = 363D92F024646499005276AB /* dark_background.pdf */; };
/* End PBXBuildFile section */

/* Begin PBXFileReference section */
		363D92D824646387005276AB /* clima.app */ = {isa = PBXFileReference; explicitFileType = wrapper.application; includeInIndex = 0; path = clima.app; sourceTree = BUILT_PRODUCTS_DIR; };
		363D92DB24646387005276AB /* AppDelegate.swift */ = {isa = PBXFileReference; lastKnownFileType = sourcecode.swift; path = AppDelegate.swift; sourceTree = "<group>"; };
		363D92DD24646387005276AB /* SceneDelegate.swift */ = {isa = PBXFileReference; lastKnownFileType = sourcecode.swift; path = SceneDelegate.swift; sourceTree = "<group>"; };
		363D92DF24646387005276AB /* WeatherViewController.swift */ = {isa = PBXFileReference; lastKnownFileType = sourcecode.swift; path = WeatherViewController.swift; sourceTree = "<group>"; };
		363D92E224646387005276AB /* Base */ = {isa = PBXFileReference; lastKnownFileType = file.storyboard; name = Base; path = Base.lproj/Main.storyboard; sourceTree = "<group>"; };
		363D92E424646391005276AB /* Assets.xcassets */ = {isa = PBXFileReference; lastKnownFileType = folder.assetcatalog; path = Assets.xcassets; sourceTree = "<group>"; };
		363D92E724646391005276AB /* Base */ = {isa = PBXFileReference; lastKnownFileType = file.storyboard; name = Base; path = Base.lproj/LaunchScreen.storyboard; sourceTree = "<group>"; };
		363D92E924646391005276AB /* Info.plist */ = {isa = PBXFileReference; lastKnownFileType = text.plist.xml; path = Info.plist; sourceTree = "<group>"; };
		363D92EF24646498005276AB /* light_background.pdf */ = {isa = PBXFileReference; lastKnownFileType = image.pdf; path = light_background.pdf; sourceTree = "<group>"; };
		363D92F024646499005276AB /* dark_background.pdf */ = {isa = PBXFileReference; lastKnownFileType = image.pdf; path = dark_background.pdf; sourceTree = "<group>"; };
/* End PBXFileReference section */

/* Begin PBXFrameworksBuildPhase section */
		363D92D524646387005276AB /* Frameworks */ = {
			isa = PBXFrameworksBuildPhase;
			buildActionMask = 2147483647;
			files = (
			);
			runOnlyForDeploymentPostprocessing = 0;
		};
/* End PBXFrameworksBuildPhase section */

/* Begin PBXGroup section */
		363D92CF24646387005276AB = {
			isa = PBXGroup;
			children = (
				363D92DA24646387005276AB /* clima */,
				363D92D924646387005276AB /* Products */,
			);
			sourceTree = "<group>";
		};
		363D92D924646387005276AB /* Products */ = {
			isa = PBXGroup;
			children = (
				363D92D824646387005276AB /* clima.app */,
			);
			name = Products;
			sourceTree = "<group>";
		};
		363D92DA24646387005276AB /* clima */ = {
			isa = PBXGroup;
			children = (
				363D92DB24646387005276AB /* AppDelegate.swift */,
				363D92DD24646387005276AB /* SceneDelegate.swift */,
				363D92F4246464BE005276AB /* Model */,
				363D92F3246464B3005276AB /* View */,
				363D92F5246464CB005276AB /* Controller */,
				363D92E424646391005276AB /* Assets.xcassets */,
				363D92E624646391005276AB /* LaunchScreen.storyboard */,
				363D92E924646391005276AB /* Info.plist */,
				363D92F024646499005276AB /* dark_background.pdf */,
				363D92EF24646498005276AB /* light_background.pdf */,
			);
			path = clima;
			sourceTree = "<group>";
		};
		363D92F3246464B3005276AB /* View */ = {
			isa = PBXGroup;
			children = (
				363D92E124646387005276AB /* Main.storyboard */,
			);
			path = View;
			sourceTree = "<group>";
		};
		363D92F4246464BE005276AB /* Model */ = {
			isa = PBXGroup;
			children = (
			);
			path = Model;
			sourceTree = "<group>";
		};
		363D92F5246464CB005276AB /* Controller */ = {
			isa = PBXGroup;
			children = (
				363D92DF24646387005276AB /* WeatherViewController.swift */,
			);
			path = Controller;
			sourceTree = "<group>";
		};
/* End PBXGroup section */

/* Begin PBXNativeTarget section */
		363D92D724646387005276AB /* clima */ = {
			isa = PBXNativeTarget;
			buildConfigurationList = 363D92EC24646391005276AB /* Build configuration list for PBXNativeTarget "clima" */;
			buildPhases = (
				363D92D424646387005276AB /* Sources */,
				363D92D524646387005276AB /* Frameworks */,
				363D92D624646387005276AB /* Resources */,
			);
			buildRules = (
			);
			dependencies = (
			);
			name = clima;
			productName = clima;
			productReference = 363D92D824646387005276AB /* clima.app */;
			productType = "com.apple.product-type.application";
		};
/* End PBXNativeTarget section */

/* Begin PBXProject section */
		363D92D024646387005276AB /* Project object */ = {
			isa = PBXProject;
			attributes = {
				LastSwiftUpdateCheck = 1140;
				LastUpgradeCheck = 1140;
				ORGANIZATIONNAME = "Ana Thayna Franca";
				TargetAttributes = {
					363D92D724646387005276AB = {
						CreatedOnToolsVersion = 11.4.1;
					};
				};
			};
			buildConfigurationList = 363D92D324646387005276AB /* Build configuration list for PBXProject "clima" */;
			compatibilityVersion = "Xcode 9.3";
			developmentRegion = en;
			hasScannedForEncodings = 0;
			knownRegions = (
				en,
				Base,
			);
			mainGroup = 363D92CF24646387005276AB;
			productRefGroup = 363D92D924646387005276AB /* Products */;
			projectDirPath = "";
			projectRoot = "";
			targets = (
				363D92D724646387005276AB /* clima */,
			);
		};
/* End PBXProject section */

/* Begin PBXResourcesBuildPhase section */
		363D92D624646387005276AB /* Resources */ = {
			isa = PBXResourcesBuildPhase;
			buildActionMask = 2147483647;
			files = (
				363D92F224646499005276AB /* dark_background.pdf in Resources */,
				363D92E824646391005276AB /* LaunchScreen.storyboard in Resources */,
				363D92E524646391005276AB /* Assets.xcassets in Resources */,
				363D92E324646387005276AB /* Main.storyboard in Resources */,
				363D92F124646499005276AB /* light_background.pdf in Resources */,
			);
			runOnlyForDeploymentPostprocessing = 0;
		};
/* End PBXResourcesBuildPhase section */

/* Begin PBXSourcesBuildPhase section */
		363D92D424646387005276AB /* Sources */ = {
			isa = PBXSourcesBuildPhase;
			buildActionMask = 2147483647;
			files = (
				363D92E024646387005276AB /* WeatherViewController.swift in Sources */,
				363D92DC24646387005276AB /* AppDelegate.swift in Sources */,
				363D92DE24646387005276AB /* SceneDelegate.swift in Sources */,
			);
			runOnlyForDeploymentPostprocessing = 0;
		};
/* End PBXSourcesBuildPhase section */

/* Begin PBXVariantGroup section */
		363D92E124646387005276AB /* Main.storyboard */ = {
			isa = PBXVariantGroup;
			children = (
				363D92E224646387005276AB /* Base */,
			);
			name = Main.storyboard;
			sourceTree = "<group>";
		};
		363D92E624646391005276AB /* LaunchScreen.storyboard */ = {
			isa = PBXVariantGroup;
			children = (
				363D92E724646391005276AB /* Base */,
			);
			name = LaunchScreen.storyboard;
			sourceTree = "<group>";
		};
/* End PBXVariantGroup section */

/* Begin XCBuildConfiguration section */
		363D92EA24646391005276AB /* Debug */ = {
			isa = XCBuildConfiguration;
			buildSettings = {
				ALWAYS_SEARCH_USER_PATHS = NO;
				CLANG_ANALYZER_NONNULL = YES;
				CLANG_ANALYZER_NUMBER_OBJECT_CONVERSION = YES_AGGRESSIVE;
				CLANG_CXX_LANGUAGE_STANDARD = "gnu++14";
				CLANG_CXX_LIBRARY = "libc++";
				CLANG_ENABLE_MODULES = YES;
				CLANG_ENABLE_OBJC_ARC = YES;
				CLANG_ENABLE_OBJC_WEAK = YES;
				CLANG_WARN_BLOCK_CAPTURE_AUTORELEASING = YES;
				CLANG_WARN_BOOL_CONVERSION = YES;
				CLANG_WARN_COMMA = YES;
				CLANG_WARN_CONSTANT_CONVERSION = YES;
				CLANG_WARN_DEPRECATED_OBJC_IMPLEMENTATIONS = YES;
				CLANG_WARN_DIRECT_OBJC_ISA_USAGE = YES_ERROR;
				CLANG_WARN_DOCUMENTATION_COMMENTS = YES;
				CLANG_WARN_EMPTY_BODY = YES;
				CLANG_WARN_ENUM_CONVERSION = YES;
				CLANG_WARN_INFINITE_RECURSION = YES;
				CLANG_WARN_INT_CONVERSION = YES;
				CLANG_WARN_NON_LITERAL_NULL_CONVERSION = YES;
				CLANG_WARN_OBJC_IMPLICIT_RETAIN_SELF = YES;
				CLANG_WARN_OBJC_LITERAL_CONVERSION = YES;
				CLANG_WARN_OBJC_ROOT_CLASS = YES_ERROR;
				CLANG_WARN_RANGE_LOOP_ANALYSIS = YES;
				CLANG_WARN_STRICT_PROTOTYPES = YES;
				CLANG_WARN_SUSPICIOUS_MOVE = YES;
				CLANG_WARN_UNGUARDED_AVAILABILITY = YES_AGGRESSIVE;
				CLANG_WARN_UNREACHABLE_CODE = YES;
				CLANG_WARN__DUPLICATE_METHOD_MATCH = YES;
				COPY_PHASE_STRIP = NO;
				DEBUG_INFORMATION_FORMAT = dwarf;
				ENABLE_STRICT_OBJC_MSGSEND = YES;
				ENABLE_TESTABILITY = YES;
				GCC_C_LANGUAGE_STANDARD = gnu11;
				GCC_DYNAMIC_NO_PIC = NO;
				GCC_NO_COMMON_BLOCKS = YES;
				GCC_OPTIMIZATION_LEVEL = 0;
				GCC_PREPROCESSOR_DEFINITIONS = (
					"DEBUG=1",
					"$(inherited)",
				);
				GCC_WARN_64_TO_32_BIT_CONVERSION = YES;
				GCC_WARN_ABOUT_RETURN_TYPE = YES_ERROR;
				GCC_WARN_UNDECLARED_SELECTOR = YES;
				GCC_WARN_UNINITIALIZED_AUTOS = YES_AGGRESSIVE;
				GCC_WARN_UNUSED_FUNCTION = YES;
				GCC_WARN_UNUSED_VARIABLE = YES;
				IPHONEOS_DEPLOYMENT_TARGET = 13.4;
				MTL_ENABLE_DEBUG_INFO = INCLUDE_SOURCE;
				MTL_FAST_MATH = YES;
				ONLY_ACTIVE_ARCH = YES;
				SDKROOT = iphoneos;
				SWIFT_ACTIVE_COMPILATION_CONDITIONS = DEBUG;
				SWIFT_OPTIMIZATION_LEVEL = "-Onone";
			};
			name = Debug;
		};
		363D92EB24646391005276AB /* Release */ = {
			isa = XCBuildConfiguration;
			buildSettings = {
				ALWAYS_SEARCH_USER_PATHS = NO;
				CLANG_ANALYZER_NONNULL = YES;
				CLANG_ANALYZER_NUMBER_OBJECT_CONVERSION = YES_AGGRESSIVE;
				CLANG_CXX_LANGUAGE_STANDARD = "gnu++14";
				CLANG_CXX_LIBRARY = "libc++";
				CLANG_ENABLE_MODULES = YES;
				CLANG_ENABLE_OBJC_ARC = YES;
				CLANG_ENABLE_OBJC_WEAK = YES;
				CLANG_WARN_BLOCK_CAPTURE_AUTORELEASING = YES;
				CLANG_WARN_BOOL_CONVERSION = YES;
				CLANG_WARN_COMMA = YES;
				CLANG_WARN_CONSTANT_CONVERSION = YES;
				CLANG_WARN_DEPRECATED_OBJC_IMPLEMENTATIONS = YES;
				CLANG_WARN_DIRECT_OBJC_ISA_USAGE = YES_ERROR;
				CLANG_WARN_DOCUMENTATION_COMMENTS = YES;
				CLANG_WARN_EMPTY_BODY = YES;
				CLANG_WARN_ENUM_CONVERSION = YES;
				CLANG_WARN_INFINITE_RECURSION = YES;
				CLANG_WARN_INT_CONVERSION = YES;
				CLANG_WARN_NON_LITERAL_NULL_CONVERSION = YES;
				CLANG_WARN_OBJC_IMPLICIT_RETAIN_SELF = YES;
				CLANG_WARN_OBJC_LITERAL_CONVERSION = YES;
				CLANG_WARN_OBJC_ROOT_CLASS = YES_ERROR;
				CLANG_WARN_RANGE_LOOP_ANALYSIS = YES;
				CLANG_WARN_STRICT_PROTOTYPES = YES;
				CLANG_WARN_SUSPICIOUS_MOVE = YES;
				CLANG_WARN_UNGUARDED_AVAILABILITY = YES_AGGRESSIVE;
				CLANG_WARN_UNREACHABLE_CODE = YES;
				CLANG_WARN__DUPLICATE_METHOD_MATCH = YES;
				COPY_PHASE_STRIP = NO;
				DEBUG_INFORMATION_FORMAT = "dwarf-with-dsym";
				ENABLE_NS_ASSERTIONS = NO;
				ENABLE_STRICT_OBJC_MSGSEND = YES;
				GCC_C_LANGUAGE_STANDARD = gnu11;
				GCC_NO_COMMON_BLOCKS = YES;
				GCC_WARN_64_TO_32_BIT_CONVERSION = YES;
				GCC_WARN_ABOUT_RETURN_TYPE = YES_ERROR;
				GCC_WARN_UNDECLARED_SELECTOR = YES;
				GCC_WARN_UNINITIALIZED_AUTOS = YES_AGGRESSIVE;
				GCC_WARN_UNUSED_FUNCTION = YES;
				GCC_WARN_UNUSED_VARIABLE = YES;
				IPHONEOS_DEPLOYMENT_TARGET = 13.4;
				MTL_ENABLE_DEBUG_INFO = NO;
				MTL_FAST_MATH = YES;
				SDKROOT = iphoneos;
				SWIFT_COMPILATION_MODE = wholemodule;
				SWIFT_OPTIMIZATION_LEVEL = "-O";
				VALIDATE_PRODUCT = YES;
			};
			name = Release;
		};
		363D92ED24646391005276AB /* Debug */ = {
			isa = XCBuildConfiguration;
			buildSettings = {
				ASSETCATALOG_COMPILER_APPICON_NAME = AppIcon;
				CODE_SIGN_STYLE = Automatic;
				INFOPLIST_FILE = clima/Info.plist;
				LD_RUNPATH_SEARCH_PATHS = (
					"$(inherited)",
					"@executable_path/Frameworks",
				);
				PRODUCT_BUNDLE_IDENTIFIER = com.anathayna.clima;
				PRODUCT_NAME = "$(TARGET_NAME)";
				SWIFT_VERSION = 5.0;
				TARGETED_DEVICE_FAMILY = "1,2";
			};
			name = Debug;
		};
		363D92EE24646391005276AB /* Release */ = {
			isa = XCBuildConfiguration;
			buildSettings = {
				ASSETCATALOG_COMPILER_APPICON_NAME = AppIcon;
				CODE_SIGN_STYLE = Automatic;
				INFOPLIST_FILE = clima/Info.plist;
				LD_RUNPATH_SEARCH_PATHS = (
					"$(inherited)",
					"@executable_path/Frameworks",
				);
				PRODUCT_BUNDLE_IDENTIFIER = com.anathayna.clima;
				PRODUCT_NAME = "$(TARGET_NAME)";
				SWIFT_VERSION = 5.0;
				TARGETED_DEVICE_FAMILY = "1,2";
			};
			name = Release;
		};
/* End XCBuildConfiguration section */

/* Begin XCConfigurationList section */
		363D92D324646387005276AB /* Build configuration list for PBXProject "clima" */ = {
			isa = XCConfigurationList;
			buildConfigurations = (
				363D92EA24646391005276AB /* Debug */,
				363D92EB24646391005276AB /* Release */,
			);
			defaultConfigurationIsVisible = 0;
			defaultConfigurationName = Release;
		};
		363D92EC24646391005276AB /* Build configuration list for PBXNativeTarget "clima" */ = {
			isa = XCConfigurationList;
			buildConfigurations = (
				363D92ED24646391005276AB /* Debug */,
				363D92EE24646391005276AB /* Release */,
			);
			defaultConfigurationIsVisible = 0;
			defaultConfigurationName = Release;
		};
/* End XCConfigurationList section */
	};
	rootObject = 363D92D024646387005276AB /* Project object */;
}
